
Microsoft Visual Studio Solution File, Format Version 12.00
# Visual Studio 2013
VisualStudioVersion = 12.0.21005.1
MinimumVisualStudioVersion = 10.0.40219.1
Project("{FAE04EC0-301F-11D3-BF4B-00C04F79EFBC}") = "KTB.DNet.BusinessLogic", "KTB.DNET.BusinessLogic\KTB.DNet.BusinessLogic.csproj", "{26C07E3B-8A44-4739-A96A-1C92DAB73A3C}"
EndProject
Project("{FAE04EC0-301F-11D3-BF4B-00C04F79EFBC}") = "KTB.DNet.ConsoleApp", "KTB.DNet.EnumMapper\KTB.DNet.ConsoleApp.csproj", "{E4B3C27B-416D-443E-A676-D5F75BE98520}"
EndProject
Project("{F184B08F-C81C-45F6-A57F-5ABD9991F28F}") = "KTB.DNet.DataMapper", "KTB.DNet.DataMapper\KTB.DNet.DataMapper.vbproj", "{E021FE28-84E0-4B1F-804A-180BE4F38F26}"
EndProject
Project("{F184B08F-C81C-45F6-A57F-5ABD9991F28F}") = "KTB.DNet.DataMapper.Framework", "KTB.DNet.DataMapper.Framework\KTB.DNet.DataMapper.Framework.vbproj", "{CC23FF7E-BC14-4D66-9E96-6E0A51576A34}"
EndProject
Project("{F184B08F-C81C-45F6-A57F-5ABD9991F28F}") = "KTB.DNet.Domain", "KTB.DNet.Domain\KTB.DNet.Domain.vbproj", "{F4CC7463-4CBB-4336-AEAF-AC8FBC38DD9A}"
EndProject
Project("{F184B08F-C81C-45F6-A57F-5ABD9991F28F}") = "KTB.DNet.Domain.Search", "KTB.DNet.Domain.Search\KTB.DNet.Domain.Search.vbproj", "{06A29192-8B96-4DFB-9C6C-AA5B4DDF8D36}"
EndProject
Project("{FAE04EC0-301F-11D3-BF4B-00C04F79EFBC}") = "KTB.DNet.Interface.Domain", "KTB.DNet.Interface.Domain\KTB.DNet.Interface.Domain.csproj", "{26475885-56E1-4F74-A2C1-2DA985CE3999}"
EndProject
Project("{FAE04EC0-301F-11D3-BF4B-00C04F79EFBC}") = "KTB.DNet.Interface.Framework", "KTB.DNet.Interface.Framework\KTB.DNet.Interface.Framework.csproj", "{35CD5278-BB7F-44D7-AB5B-FF5E551A916B}"
EndProject
Project("{FAE04EC0-301F-11D3-BF4B-00C04F79EFBC}") = "KTB.DNet.Interface.Repository", "KTB.DNet.Interface.Repository\KTB.DNet.Interface.Repository.csproj", "{60B545D6-C505-42B3-B540-2955355DD657}"
EndProject
Project("{FAE04EC0-301F-11D3-BF4B-00C04F79EFBC}") = "KTB.DNet.Interface.WebApi", "KTB.DNet.Interface.WebApi\KTB.DNet.Interface.WebApi.csproj", "{01CDDDDC-F645-456C-9194-B5805CC40503}"
EndProject
Project("{FAE04EC0-301F-11D3-BF4B-00C04F79EFBC}") = "KTB.DNet.Lib", "KTB.DNet.Lib\KTB.DNet.Lib.csproj", "{E839ABCC-D7EF-4D3A-A697-CBB1E0A21737}"
EndProject
Project("{FAE04EC0-301F-11D3-BF4B-00C04F79EFBC}") = "KTB.DNet.Resources", "KTB.DNet.Resources\KTB.DNet.Resources.csproj", "{2A4EE316-2430-45C8-B2CA-7952D52E3180}"
EndProject
Project("{F184B08F-C81C-45F6-A57F-5ABD9991F28F}") = "KTB.DNet.Utility", "KTB.DNet.Utility\KTB.DNet.Utility.vbproj", "{B6DE3F6D-8A0E-4693-8204-4EA972DCBF2A}"
EndProject
Project("{F184B08F-C81C-45F6-A57F-5ABD9991F28F}") = "KTB.DNet.BusinessFacade", "KTB.DNet.BusinessFacade\KTB.DNet.BusinessFacade.vbproj", "{172FE48B-F8B2-419D-8F64-6D3470D2CDF2}"
EndProject
Project("{F184B08F-C81C-45F6-A57F-5ABD9991F28F}") = "KTB.DNet.EventLogConsole", "KTB.DNet.EventLogConsole\KTB.DNet.EventLogConsole.vbproj", "{0B3E3874-7609-443D-A7DF-92BB77350041}"
EndProject
Project("{F184B08F-C81C-45F6-A57F-5ABD9991F28F}") = "KTB.DNet.Indent", "KTB.DNet.Indent\KTB.DNet.Indent.vbproj", "{CD8E53D2-B177-494B-AE08-1CEEF98E43D7}"
EndProject
Project("{F184B08F-C81C-45F6-A57F-5ABD9991F28F}") = "KTB.DNet.Menu", "KTB.DNet.Menu\KTB.DNet.Menu.vbproj", "{496B4494-3F4A-4C38-8BA5-EB15F7719EFE}"
EndProject
Project("{F184B08F-C81C-45F6-A57F-5ABD9991F28F}") = "KTB.DNet.Parser", "KTB.DNet.Parser\KTB.DNet.Parser.vbproj", "{E04276C6-A965-47B4-AFA8-B02359BEFC69}"
EndProject
Project("{F184B08F-C81C-45F6-A57F-5ABD9991F28F}") = "KTB.DNet.ResourceManager", "KTB.DNet.ResourceManager\KTB.DNet.ResourceManager.vbproj", "{16D5B9B2-720C-441A-9CE3-F4BDEDE67DF4}"
EndProject
Project("{FAE04EC0-301F-11D3-BF4B-00C04F79EFBC}") = "KTB.DNet.Salesforce", "KTB.DNet.Salesforce\KTB.DNet.Salesforce.csproj", "{62815179-C84D-4F04-8FAC-8736DDDF1E10}"
EndProject
Project("{F184B08F-C81C-45F6-A57F-5ABD9991F28F}") = "KTB.DNET.SAP", "KTB.DNET.SAP\KTB.DNET.SAP.vbproj", "{922A6BE5-ED27-4066-BFE2-A0D4A7EACB93}"
EndProject
Project("{F184B08F-C81C-45F6-A57F-5ABD9991F28F}") = "KTB.DNet.SapListener", "KTB.DNet.SAPListener\KTB.DNet.SapListener.vbproj", "{44D3F369-DA8D-4AD0-BFF8-F3D60E1C741C}"
EndProject
Project("{F184B08F-C81C-45F6-A57F-5ABD9991F28F}") = "KTB.DNet.Security", "KTB.DNet.Security\KTB.DNet.Security.vbproj", "{17F38C9B-D956-438D-8577-18837C5AE615}"
EndProject
Project("{FAE04EC0-301F-11D3-BF4B-00C04F79EFBC}") = "KTB.DNet.Security.Database.Authorization", "KTB.DNet.Security.Database.Authorization\KTB.DNet.Security.Database.Authorization.csproj", "{6AB8E6B0-9E96-4AD0-8695-7E6275068442}"
EndProject
Project("{F184B08F-C81C-45F6-A57F-5ABD9991F28F}") = "KTB.DNet.Service", "KTB.DNet.Service\KTB.DNet.Service.vbproj", "{EC1E1C9C-FE7D-48F3-B68D-A991D06CAE1A}"
EndProject
Project("{F184B08F-C81C-45F6-A57F-5ABD9991F28F}") = "KTB.DNet.UI", "KTB.DNet.UI\KTB.DNet.UI.vbproj", "{589BA602-58ED-4864-8E6E-3FEC6BDB3997}"
EndProject
Project("{FAE04EC0-301F-11D3-BF4B-00C04F79EFBC}") = "KTB.DNet.WebApi", "KTB.DNet.WebApi\KTB.DNet.WebApi.csproj", "{FD632563-2DDD-4F75-B312-90D24FA0FB0A}"
EndProject
Project("{FAE04EC0-301F-11D3-BF4B-00C04F79EFBC}") = "KTB.DNet.WebCC", "KTB.DNET.WebCC\KTB.DNet.WebCC.csproj", "{26B8EFAA-C0AF-4D15-8A89-6E85C88CDF09}"
EndProject
Project("{F184B08F-C81C-45F6-A57F-5ABD9991F28F}") = "KTB.DNet.WebService", "KTB.DNet.WebService\KTB.DNet.WebService.vbproj", "{DB86C1EB-E879-4707-9DD9-A72D718DB3E7}"
EndProject
Project("{F184B08F-C81C-45F6-A57F-5ABD9991F28F}") = "KTB.DNet.WSMChecker", "KTB.DNET.WSMChecker\KTB.DNet.WSMChecker.vbproj", "{D8809551-AC88-44A1-8E44-3DD55BA602ED}"
EndProject
Project("{2150E333-8FDC-42A3-9474-1A3956D46DE8}") = ".nuget", ".nuget", "{CBED1CA0-EA4E-4385-8457-13FD4B4F3CA2}"
	ProjectSection(SolutionItems) = preProject
		.nuget\NuGet.Config = .nuget\NuGet.Config
		.nuget\NuGet.exe = .nuget\NuGet.exe
		.nuget\NuGet.targets = .nuget\NuGet.targets
	EndProjectSection
EndProject
Project("{F184B08F-C81C-45F6-A57F-5ABD9991F28F}") = "KTB.DNet.TokenAlert", "KTB.DNet.TokenAlert\KTB.DNet.TokenAlert.vbproj", "{AB626091-C68C-4A5E-931C-7835E43F1833}"
EndProject
Project("{FAE04EC0-301F-11D3-BF4B-00C04F79EFBC}") = "KTB.DNet.Interface.WebAuth", "KTB.DNet.Interface.WebAuth\KTB.DNet.Interface.WebAuth.csproj", "{9C0B0C96-9443-4902-AE3A-8C02EE54F5FF}"
EndProject
Project("{FAE04EC0-301F-11D3-BF4B-00C04F79EFBC}") = "KTB.DNet.Interface.Model", "KTB.DNet.Interface.Model\KTB.DNet.Interface.Model.csproj", "{88BF0ED7-1491-4582-993F-80494EF9DE0E}"
EndProject
Project("{FAE04EC0-301F-11D3-BF4B-00C04F79EFBC}") = "KTB.DNet.Interface.Persistence", "KTB.DNet.Interface.Persistence\KTB.DNet.Interface.Persistence.csproj", "{C227BF0D-99BE-490E-B334-C4E9DEAB12B7}"
EndProject
Project("{FAE04EC0-301F-11D3-BF4B-00C04F79EFBC}") = "KTB.DNet.Interface.Persistence.Logging", "KTB.DNet.Interface.Persistence.Logging\KTB.DNet.Interface.Persistence.Logging.csproj", "{AAF14D2B-D538-450F-9C73-988CAFC4DC9A}"
EndProject
Project("{FAE04EC0-301F-11D3-BF4B-00C04F79EFBC}") = "KTB.DNet.Interface.Repository.Interface", "KTB.DNet.Interface.Repository.Interface\KTB.DNet.Interface.Repository.Interface.csproj", "{BDA6354B-FD81-4566-A335-55AF3BBEA64A}"
EndProject
Project("{FAE04EC0-301F-11D3-BF4B-00C04F79EFBC}") = "KTB.DNet.Interface.WebUI", "KTB.DNet.Interface.WebUI\KTB.DNet.Interface.WebUI.csproj", "{EF5C4F29-D8AE-4BFF-86A6-31666CB3837E}"
EndProject
Project("{FAE04EC0-301F-11D3-BF4B-00C04F79EFBC}") = "KTB.DNet.Interface.Dapper.Repository", "KTB.DNet.Interface.Dapper.Repository\KTB.DNet.Interface.Dapper.Repository.csproj", "{D558BC8F-0540-4838-B8E1-3B2BD0253A48}"
EndProject
Global
	GlobalSection(TeamFoundationVersionControl) = preSolution
		SccNumberOfProjects = 39
		SccEnterpriseProvider = {4CA58AB2-18FA-4F8D-95D4-32DDF27D184C}
		SccTeamFoundationServer = http://172.17.25.70:8080/tfs/dms
		SccLocalPath0 = .
		SccProjectUniqueName1 = KTB.DNET.BusinessLogic\\KTB.DNet.BusinessLogic.csproj
		SccProjectName1 = KTB.DNET.BusinessLogic
		SccLocalPath1 = KTB.DNET.BusinessLogic
		SccProjectUniqueName2 = KTB.DNet.EnumMapper\\KTB.DNet.ConsoleApp.csproj
		SccProjectName2 = KTB.DNet.EnumMapper
		SccLocalPath2 = KTB.DNet.EnumMapper
		SccProjectUniqueName3 = KTB.DNet.DataMapper\\KTB.DNet.DataMapper.vbproj
		SccProjectName3 = KTB.DNet.DataMapper
		SccLocalPath3 = KTB.DNet.DataMapper
		SccProjectUniqueName4 = KTB.DNet.DataMapper.Framework\\KTB.DNet.DataMapper.Framework.vbproj
		SccProjectName4 = KTB.DNet.DataMapper.Framework
		SccLocalPath4 = KTB.DNet.DataMapper.Framework
		SccProjectUniqueName5 = KTB.DNet.Domain\\KTB.DNet.Domain.vbproj
		SccProjectName5 = KTB.DNet.Domain
		SccLocalPath5 = KTB.DNet.Domain
		SccProjectUniqueName6 = KTB.DNet.Domain.Search\\KTB.DNet.Domain.Search.vbproj
		SccProjectName6 = KTB.DNet.Domain.Search
		SccLocalPath6 = KTB.DNet.Domain.Search
		SccProjectUniqueName7 = KTB.DNet.Interface.Domain\\KTB.DNet.Interface.Domain.csproj
		SccProjectName7 = KTB.DNet.Interface.Domain
		SccLocalPath7 = KTB.DNet.Interface.Domain
		SccProjectUniqueName8 = KTB.DNet.Interface.Framework\\KTB.DNet.Interface.Framework.csproj
		SccProjectName8 = KTB.DNet.Interface.Framework
		SccLocalPath8 = KTB.DNet.Interface.Framework
		SccProjectUniqueName9 = KTB.DNet.Interface.Repository\\KTB.DNet.Interface.Repository.csproj
		SccProjectName9 = KTB.DNet.Interface.Repository
		SccLocalPath9 = KTB.DNet.Interface.Repository
		SccProjectUniqueName10 = KTB.DNet.Interface.WebApi\\KTB.DNet.Interface.WebApi.csproj
		SccProjectName10 = KTB.DNet.Interface.WebApi
		SccLocalPath10 = KTB.DNet.Interface.WebApi
		SccProjectUniqueName11 = KTB.DNet.Lib\\KTB.DNet.Lib.csproj
		SccProjectName11 = KTB.DNet.Lib
		SccLocalPath11 = KTB.DNet.Lib
		SccProjectUniqueName12 = KTB.DNet.Resources\\KTB.DNet.Resources.csproj
		SccProjectName12 = KTB.DNet.Resources
		SccLocalPath12 = KTB.DNet.Resources
		SccProjectUniqueName13 = KTB.DNet.Utility\\KTB.DNet.Utility.vbproj
		SccProjectName13 = KTB.DNet.Utility
		SccLocalPath13 = KTB.DNet.Utility
		SccProjectUniqueName14 = KTB.DNet.BusinessFacade\\KTB.DNet.BusinessFacade.vbproj
		SccProjectName14 = KTB.DNet.BusinessFacade
		SccLocalPath14 = KTB.DNet.BusinessFacade
		SccProjectUniqueName15 = KTB.DNet.EventLogConsole\\KTB.DNet.EventLogConsole.vbproj
		SccProjectName15 = KTB.DNet.EventLogConsole
		SccLocalPath15 = KTB.DNet.EventLogConsole
		SccProjectUniqueName16 = KTB.DNet.Indent\\KTB.DNet.Indent.vbproj
		SccProjectName16 = KTB.DNet.Indent
		SccLocalPath16 = KTB.DNet.Indent
		SccProjectUniqueName17 = KTB.DNet.Menu\\KTB.DNet.Menu.vbproj
		SccProjectName17 = KTB.DNet.Menu
		SccLocalPath17 = KTB.DNet.Menu
		SccProjectUniqueName18 = KTB.DNet.Parser\\KTB.DNet.Parser.vbproj
		SccProjectName18 = KTB.DNet.Parser
		SccLocalPath18 = KTB.DNet.Parser
		SccProjectUniqueName19 = KTB.DNet.ResourceManager\\KTB.DNet.ResourceManager.vbproj
		SccProjectName19 = KTB.DNet.ResourceManager
		SccLocalPath19 = KTB.DNet.ResourceManager
		SccProjectUniqueName20 = KTB.DNet.Salesforce\\KTB.DNet.Salesforce.csproj
		SccProjectName20 = KTB.DNet.Salesforce
		SccLocalPath20 = KTB.DNet.Salesforce
		SccProjectUniqueName21 = KTB.DNET.SAP\\KTB.DNET.SAP.vbproj
		SccProjectName21 = KTB.DNET.SAP
		SccLocalPath21 = KTB.DNET.SAP
		SccProjectUniqueName22 = KTB.DNet.SAPListener\\KTB.DNet.SapListener.vbproj
		SccProjectName22 = KTB.DNet.SAPListener
		SccLocalPath22 = KTB.DNet.SAPListener
		SccProjectUniqueName23 = KTB.DNet.Security\\KTB.DNet.Security.vbproj
		SccProjectName23 = KTB.DNet.Security
		SccLocalPath23 = KTB.DNet.Security
		SccProjectUniqueName24 = KTB.DNet.Security.Database.Authorization\\KTB.DNet.Security.Database.Authorization.csproj
		SccProjectName24 = KTB.DNet.Security.Database.Authorization
		SccLocalPath24 = KTB.DNet.Security.Database.Authorization
		SccProjectUniqueName25 = KTB.DNet.Service\\KTB.DNet.Service.vbproj
		SccProjectName25 = KTB.DNet.Service
		SccLocalPath25 = KTB.DNet.Service
		SccProjectUniqueName26 = KTB.DNet.UI\\KTB.DNet.UI.vbproj
		SccProjectName26 = KTB.DNet.UI
		SccLocalPath26 = KTB.DNet.UI
		SccProjectUniqueName27 = KTB.DNet.WebApi\\KTB.DNet.WebApi.csproj
		SccProjectName27 = KTB.DNet.WebApi
		SccLocalPath27 = KTB.DNet.WebApi
		SccProjectUniqueName28 = KTB.DNET.WebCC\\KTB.DNet.WebCC.csproj
		SccProjectName28 = KTB.DNET.WebCC
		SccLocalPath28 = KTB.DNET.WebCC
		SccProjectUniqueName29 = KTB.DNet.WebService\\KTB.DNet.WebService.vbproj
		SccProjectName29 = KTB.DNet.WebService
		SccLocalPath29 = KTB.DNet.WebService
		SccProjectUniqueName30 = KTB.DNET.WSMChecker\\KTB.DNet.WSMChecker.vbproj
		SccProjectName30 = KTB.DNET.WSMChecker
		SccLocalPath30 = KTB.DNET.WSMChecker
		SccProjectUniqueName31 = KTB.DNet.TokenAlert\\KTB.DNet.TokenAlert.vbproj
		SccProjectName31 = KTB.DNet.TokenAlert
		SccLocalPath31 = KTB.DNet.TokenAlert
		SccProjectUniqueName32 = KTB.DNet.Interface.WebAuth\\KTB.DNet.Interface.WebAuth.csproj
		SccProjectName32 = KTB.DNet.Interface.WebAuth
		SccLocalPath32 = KTB.DNet.Interface.WebAuth
		SccProjectUniqueName33 = KTB.DNet.Interface.Model\\KTB.DNet.Interface.Model.csproj
		SccProjectName33 = KTB.DNet.Interface.Model
		SccLocalPath33 = KTB.DNet.Interface.Model
		SccProjectUniqueName34 = KTB.DNet.Interface.Persistence\\KTB.DNet.Interface.Persistence.csproj
		SccProjectName34 = KTB.DNet.Interface.Persistence
		SccLocalPath34 = KTB.DNet.Interface.Persistence
		SccProjectUniqueName35 = KTB.DNet.Interface.Persistence.Logging\\KTB.DNet.Interface.Persistence.Logging.csproj
		SccProjectName35 = KTB.DNet.Interface.Persistence.Logging
		SccLocalPath35 = KTB.DNet.Interface.Persistence.Logging
		SccProjectUniqueName36 = KTB.DNet.Interface.Repository.Interface\\KTB.DNet.Interface.Repository.Interface.csproj
		SccProjectName36 = KTB.DNet.Interface.Repository.Interface
		SccLocalPath36 = KTB.DNet.Interface.Repository.Interface
		SccProjectUniqueName37 = KTB.DNet.Interface.WebUI\\KTB.DNet.Interface.WebUI.csproj
		SccProjectName37 = KTB.DNet.Interface.WebUI
		SccLocalPath37 = KTB.DNet.Interface.WebUI
		SccProjectUniqueName38 = KTB.DNet.Interface.Dapper.Repository\\KTB.DNet.Interface.Dapper.Repository.csproj
		SccProjectName38 = KTB.DNet.Interface.Dapper.Repository
		SccLocalPath38 = KTB.DNet.Interface.Dapper.Repository
	EndGlobalSection
	GlobalSection(SolutionConfigurationPlatforms) = preSolution
		Debug|Any CPU = Debug|Any CPU
		Debug|x64 = Debug|x64
		Debug|x86 = Debug|x86
		DMS|Any CPU = DMS|Any CPU
		DMS|x64 = DMS|x64
		DMS|x86 = DMS|x86
		QAStaging|Any CPU = QAStaging|Any CPU
		QAStaging|x64 = QAStaging|x64
		QAStaging|x86 = QAStaging|x86
		Release|Any CPU = Release|Any CPU
		Release|x64 = Release|x64
		Release|x86 = Release|x86
		SIT|Any CPU = SIT|Any CPU
		SIT|x64 = SIT|x64
		SIT|x86 = SIT|x86
	EndGlobalSection
	GlobalSection(ProjectConfigurationPlatforms) = postSolution
		{26C07E3B-8A44-4739-A96A-1C92DAB73A3C}.Debug|Any CPU.ActiveCfg = Debug|Any CPU
		{26C07E3B-8A44-4739-A96A-1C92DAB73A3C}.Debug|Any CPU.Build.0 = Debug|Any CPU
		{26C07E3B-8A44-4739-A96A-1C92DAB73A3C}.Debug|x64.ActiveCfg = Debug|x64
		{26C07E3B-8A44-4739-A96A-1C92DAB73A3C}.Debug|x64.Build.0 = Debug|x64
		{26C07E3B-8A44-4739-A96A-1C92DAB73A3C}.Debug|x86.ActiveCfg = Debug|Any CPU
		{26C07E3B-8A44-4739-A96A-1C92DAB73A3C}.DMS|Any CPU.ActiveCfg = DMS|Any CPU
		{26C07E3B-8A44-4739-A96A-1C92DAB73A3C}.DMS|Any CPU.Build.0 = DMS|Any CPU
		{26C07E3B-8A44-4739-A96A-1C92DAB73A3C}.DMS|x64.ActiveCfg = DMS|x64
		{26C07E3B-8A44-4739-A96A-1C92DAB73A3C}.DMS|x64.Build.0 = DMS|x64
		{26C07E3B-8A44-4739-A96A-1C92DAB73A3C}.DMS|x86.ActiveCfg = DMS|Any CPU
		{26C07E3B-8A44-4739-A96A-1C92DAB73A3C}.QAStaging|Any CPU.ActiveCfg = QAStaging|Any CPU
		{26C07E3B-8A44-4739-A96A-1C92DAB73A3C}.QAStaging|Any CPU.Build.0 = QAStaging|Any CPU
		{26C07E3B-8A44-4739-A96A-1C92DAB73A3C}.QAStaging|x64.ActiveCfg = QAStaging|x64
		{26C07E3B-8A44-4739-A96A-1C92DAB73A3C}.QAStaging|x64.Build.0 = QAStaging|x64
		{26C07E3B-8A44-4739-A96A-1C92DAB73A3C}.QAStaging|x86.ActiveCfg = QAStaging|Any CPU
		{26C07E3B-8A44-4739-A96A-1C92DAB73A3C}.Release|Any CPU.ActiveCfg = Release|Any CPU
		{26C07E3B-8A44-4739-A96A-1C92DAB73A3C}.Release|Any CPU.Build.0 = Release|Any CPU
		{26C07E3B-8A44-4739-A96A-1C92DAB73A3C}.Release|x64.ActiveCfg = Release|x64
		{26C07E3B-8A44-4739-A96A-1C92DAB73A3C}.Release|x64.Build.0 = Release|x64
		{26C07E3B-8A44-4739-A96A-1C92DAB73A3C}.Release|x86.ActiveCfg = Release|Any CPU
		{26C07E3B-8A44-4739-A96A-1C92DAB73A3C}.SIT|Any CPU.ActiveCfg = SIT|Any CPU
		{26C07E3B-8A44-4739-A96A-1C92DAB73A3C}.SIT|Any CPU.Build.0 = SIT|Any CPU
		{26C07E3B-8A44-4739-A96A-1C92DAB73A3C}.SIT|x64.ActiveCfg = SIT|x64
		{26C07E3B-8A44-4739-A96A-1C92DAB73A3C}.SIT|x64.Build.0 = SIT|x64
		{26C07E3B-8A44-4739-A96A-1C92DAB73A3C}.SIT|x86.ActiveCfg = SIT|Any CPU
		{E4B3C27B-416D-443E-A676-D5F75BE98520}.Debug|Any CPU.ActiveCfg = Debug|Any CPU
		{E4B3C27B-416D-443E-A676-D5F75BE98520}.Debug|Any CPU.Build.0 = Debug|Any CPU
		{E4B3C27B-416D-443E-A676-D5F75BE98520}.Debug|x64.ActiveCfg = Debug|x64
		{E4B3C27B-416D-443E-A676-D5F75BE98520}.Debug|x64.Build.0 = Debug|x64
		{E4B3C27B-416D-443E-A676-D5F75BE98520}.Debug|x86.ActiveCfg = Debug|Any CPU
		{E4B3C27B-416D-443E-A676-D5F75BE98520}.DMS|Any CPU.ActiveCfg = Debug|Any CPU
		{E4B3C27B-416D-443E-A676-D5F75BE98520}.DMS|Any CPU.Build.0 = Debug|Any CPU
		{E4B3C27B-416D-443E-A676-D5F75BE98520}.DMS|x64.ActiveCfg = Debug|x64
		{E4B3C27B-416D-443E-A676-D5F75BE98520}.DMS|x64.Build.0 = Debug|x64
		{E4B3C27B-416D-443E-A676-D5F75BE98520}.DMS|x86.ActiveCfg = Debug|Any CPU
		{E4B3C27B-416D-443E-A676-D5F75BE98520}.QAStaging|Any CPU.ActiveCfg = QAStaging|Any CPU
		{E4B3C27B-416D-443E-A676-D5F75BE98520}.QAStaging|Any CPU.Build.0 = QAStaging|Any CPU
		{E4B3C27B-416D-443E-A676-D5F75BE98520}.QAStaging|x64.ActiveCfg = QAStaging|x64
		{E4B3C27B-416D-443E-A676-D5F75BE98520}.QAStaging|x64.Build.0 = QAStaging|x64
		{E4B3C27B-416D-443E-A676-D5F75BE98520}.QAStaging|x86.ActiveCfg = QAStaging|Any CPU
		{E4B3C27B-416D-443E-A676-D5F75BE98520}.Release|Any CPU.ActiveCfg = Release|Any CPU
		{E4B3C27B-416D-443E-A676-D5F75BE98520}.Release|Any CPU.Build.0 = Release|Any CPU
		{E4B3C27B-416D-443E-A676-D5F75BE98520}.Release|x64.ActiveCfg = Release|x64
		{E4B3C27B-416D-443E-A676-D5F75BE98520}.Release|x64.Build.0 = Release|x64
		{E4B3C27B-416D-443E-A676-D5F75BE98520}.Release|x86.ActiveCfg = Release|Any CPU
		{E4B3C27B-416D-443E-A676-D5F75BE98520}.SIT|Any CPU.ActiveCfg = Release|Any CPU
		{E4B3C27B-416D-443E-A676-D5F75BE98520}.SIT|Any CPU.Build.0 = Release|Any CPU
		{E4B3C27B-416D-443E-A676-D5F75BE98520}.SIT|x64.ActiveCfg = Release|x64
		{E4B3C27B-416D-443E-A676-D5F75BE98520}.SIT|x64.Build.0 = Release|x64
		{E4B3C27B-416D-443E-A676-D5F75BE98520}.SIT|x86.ActiveCfg = Release|Any CPU
		{E021FE28-84E0-4B1F-804A-180BE4F38F26}.Debug|Any CPU.ActiveCfg = Debug|Any CPU
		{E021FE28-84E0-4B1F-804A-180BE4F38F26}.Debug|Any CPU.Build.0 = Debug|Any CPU
		{E021FE28-84E0-4B1F-804A-180BE4F38F26}.Debug|x64.ActiveCfg = Debug|x64
		{E021FE28-84E0-4B1F-804A-180BE4F38F26}.Debug|x64.Build.0 = Debug|x64
		{E021FE28-84E0-4B1F-804A-180BE4F38F26}.Debug|x86.ActiveCfg = Debug|Any CPU
		{E021FE28-84E0-4B1F-804A-180BE4F38F26}.DMS|Any CPU.ActiveCfg = DMS|Any CPU
		{E021FE28-84E0-4B1F-804A-180BE4F38F26}.DMS|Any CPU.Build.0 = DMS|Any CPU
		{E021FE28-84E0-4B1F-804A-180BE4F38F26}.DMS|x64.ActiveCfg = DMS|x64
		{E021FE28-84E0-4B1F-804A-180BE4F38F26}.DMS|x64.Build.0 = DMS|x64
		{E021FE28-84E0-4B1F-804A-180BE4F38F26}.DMS|x86.ActiveCfg = DMS|Any CPU
		{E021FE28-84E0-4B1F-804A-180BE4F38F26}.QAStaging|Any CPU.ActiveCfg = QAStaging|Any CPU
		{E021FE28-84E0-4B1F-804A-180BE4F38F26}.QAStaging|Any CPU.Build.0 = QAStaging|Any CPU
		{E021FE28-84E0-4B1F-804A-180BE4F38F26}.QAStaging|x64.ActiveCfg = QAStaging|x64
		{E021FE28-84E0-4B1F-804A-180BE4F38F26}.QAStaging|x64.Build.0 = QAStaging|x64
		{E021FE28-84E0-4B1F-804A-180BE4F38F26}.QAStaging|x86.ActiveCfg = QAStaging|Any CPU
		{E021FE28-84E0-4B1F-804A-180BE4F38F26}.Release|Any CPU.ActiveCfg = Release|Any CPU
		{E021FE28-84E0-4B1F-804A-180BE4F38F26}.Release|Any CPU.Build.0 = Release|Any CPU
		{E021FE28-84E0-4B1F-804A-180BE4F38F26}.Release|x64.ActiveCfg = Release|x64
		{E021FE28-84E0-4B1F-804A-180BE4F38F26}.Release|x64.Build.0 = Release|x64
		{E021FE28-84E0-4B1F-804A-180BE4F38F26}.Release|x86.ActiveCfg = Release|Any CPU
		{E021FE28-84E0-4B1F-804A-180BE4F38F26}.SIT|Any CPU.ActiveCfg = SIT|Any CPU
		{E021FE28-84E0-4B1F-804A-180BE4F38F26}.SIT|Any CPU.Build.0 = SIT|Any CPU
		{E021FE28-84E0-4B1F-804A-180BE4F38F26}.SIT|x64.ActiveCfg = SIT|x64
		{E021FE28-84E0-4B1F-804A-180BE4F38F26}.SIT|x64.Build.0 = SIT|x64
		{E021FE28-84E0-4B1F-804A-180BE4F38F26}.SIT|x86.ActiveCfg = SIT|Any CPU
		{CC23FF7E-BC14-4D66-9E96-6E0A51576A34}.Debug|Any CPU.ActiveCfg = Debug|Any CPU
		{CC23FF7E-BC14-4D66-9E96-6E0A51576A34}.Debug|Any CPU.Build.0 = Debug|Any CPU
		{CC23FF7E-BC14-4D66-9E96-6E0A51576A34}.Debug|x64.ActiveCfg = Debug|x64
		{CC23FF7E-BC14-4D66-9E96-6E0A51576A34}.Debug|x64.Build.0 = Debug|x64
		{CC23FF7E-BC14-4D66-9E96-6E0A51576A34}.Debug|x86.ActiveCfg = Debug|Any CPU
		{CC23FF7E-BC14-4D66-9E96-6E0A51576A34}.DMS|Any CPU.ActiveCfg = DMS|Any CPU
		{CC23FF7E-BC14-4D66-9E96-6E0A51576A34}.DMS|Any CPU.Build.0 = DMS|Any CPU
		{CC23FF7E-BC14-4D66-9E96-6E0A51576A34}.DMS|x64.ActiveCfg = DMS|x64
		{CC23FF7E-BC14-4D66-9E96-6E0A51576A34}.DMS|x64.Build.0 = DMS|x64
		{CC23FF7E-BC14-4D66-9E96-6E0A51576A34}.DMS|x86.ActiveCfg = DMS|Any CPU
		{CC23FF7E-BC14-4D66-9E96-6E0A51576A34}.QAStaging|Any CPU.ActiveCfg = QAStaging|Any CPU
		{CC23FF7E-BC14-4D66-9E96-6E0A51576A34}.QAStaging|Any CPU.Build.0 = QAStaging|Any CPU
		{CC23FF7E-BC14-4D66-9E96-6E0A51576A34}.QAStaging|x64.ActiveCfg = QAStaging|x64
		{CC23FF7E-BC14-4D66-9E96-6E0A51576A34}.QAStaging|x64.Build.0 = QAStaging|x64
		{CC23FF7E-BC14-4D66-9E96-6E0A51576A34}.QAStaging|x86.ActiveCfg = QAStaging|Any CPU
		{CC23FF7E-BC14-4D66-9E96-6E0A51576A34}.Release|Any CPU.ActiveCfg = Release|Any CPU
		{CC23FF7E-BC14-4D66-9E96-6E0A51576A34}.Release|Any CPU.Build.0 = Release|Any CPU
		{CC23FF7E-BC14-4D66-9E96-6E0A51576A34}.Release|x64.ActiveCfg = Release|x64
		{CC23FF7E-BC14-4D66-9E96-6E0A51576A34}.Release|x64.Build.0 = Release|x64
		{CC23FF7E-BC14-4D66-9E96-6E0A51576A34}.Release|x86.ActiveCfg = Release|Any CPU
		{CC23FF7E-BC14-4D66-9E96-6E0A51576A34}.SIT|Any CPU.ActiveCfg = SIT|Any CPU
		{CC23FF7E-BC14-4D66-9E96-6E0A51576A34}.SIT|Any CPU.Build.0 = SIT|Any CPU
		{CC23FF7E-BC14-4D66-9E96-6E0A51576A34}.SIT|x64.ActiveCfg = SIT|x64
		{CC23FF7E-BC14-4D66-9E96-6E0A51576A34}.SIT|x64.Build.0 = SIT|x64
		{CC23FF7E-BC14-4D66-9E96-6E0A51576A34}.SIT|x86.ActiveCfg = SIT|Any CPU
		{F4CC7463-4CBB-4336-AEAF-AC8FBC38DD9A}.Debug|Any CPU.ActiveCfg = Debug|Any CPU
		{F4CC7463-4CBB-4336-AEAF-AC8FBC38DD9A}.Debug|Any CPU.Build.0 = Debug|Any CPU
		{F4CC7463-4CBB-4336-AEAF-AC8FBC38DD9A}.Debug|x64.ActiveCfg = Debug|x64
		{F4CC7463-4CBB-4336-AEAF-AC8FBC38DD9A}.Debug|x64.Build.0 = Debug|x64
		{F4CC7463-4CBB-4336-AEAF-AC8FBC38DD9A}.Debug|x86.ActiveCfg = Debug|Any CPU
		{F4CC7463-4CBB-4336-AEAF-AC8FBC38DD9A}.DMS|Any CPU.ActiveCfg = DMS|Any CPU
		{F4CC7463-4CBB-4336-AEAF-AC8FBC38DD9A}.DMS|Any CPU.Build.0 = DMS|Any CPU
		{F4CC7463-4CBB-4336-AEAF-AC8FBC38DD9A}.DMS|x64.ActiveCfg = DMS|x64
		{F4CC7463-4CBB-4336-AEAF-AC8FBC38DD9A}.DMS|x64.Build.0 = DMS|x64
		{F4CC7463-4CBB-4336-AEAF-AC8FBC38DD9A}.DMS|x86.ActiveCfg = DMS|Any CPU
		{F4CC7463-4CBB-4336-AEAF-AC8FBC38DD9A}.QAStaging|Any CPU.ActiveCfg = QAStaging|Any CPU
		{F4CC7463-4CBB-4336-AEAF-AC8FBC38DD9A}.QAStaging|Any CPU.Build.0 = QAStaging|Any CPU
		{F4CC7463-4CBB-4336-AEAF-AC8FBC38DD9A}.QAStaging|x64.ActiveCfg = QAStaging|x64
		{F4CC7463-4CBB-4336-AEAF-AC8FBC38DD9A}.QAStaging|x64.Build.0 = QAStaging|x64
		{F4CC7463-4CBB-4336-AEAF-AC8FBC38DD9A}.QAStaging|x86.ActiveCfg = Release|Any CPU
		{F4CC7463-4CBB-4336-AEAF-AC8FBC38DD9A}.Release|Any CPU.ActiveCfg = Release|Any CPU
		{F4CC7463-4CBB-4336-AEAF-AC8FBC38DD9A}.Release|Any CPU.Build.0 = Release|Any CPU
		{F4CC7463-4CBB-4336-AEAF-AC8FBC38DD9A}.Release|x64.ActiveCfg = Release|x64
		{F4CC7463-4CBB-4336-AEAF-AC8FBC38DD9A}.Release|x64.Build.0 = Release|x64
		{F4CC7463-4CBB-4336-AEAF-AC8FBC38DD9A}.Release|x86.ActiveCfg = Release|Any CPU
		{F4CC7463-4CBB-4336-AEAF-AC8FBC38DD9A}.SIT|Any CPU.ActiveCfg = SIT|Any CPU
		{F4CC7463-4CBB-4336-AEAF-AC8FBC38DD9A}.SIT|Any CPU.Build.0 = SIT|Any CPU
		{F4CC7463-4CBB-4336-AEAF-AC8FBC38DD9A}.SIT|x64.ActiveCfg = SIT|x64
		{F4CC7463-4CBB-4336-AEAF-AC8FBC38DD9A}.SIT|x64.Build.0 = SIT|x64
		{F4CC7463-4CBB-4336-AEAF-AC8FBC38DD9A}.SIT|x86.ActiveCfg = SIT|Any CPU
		{06A29192-8B96-4DFB-9C6C-AA5B4DDF8D36}.Debug|Any CPU.ActiveCfg = Debug|Any CPU
		{06A29192-8B96-4DFB-9C6C-AA5B4DDF8D36}.Debug|Any CPU.Build.0 = Debug|Any CPU
		{06A29192-8B96-4DFB-9C6C-AA5B4DDF8D36}.Debug|x64.ActiveCfg = Debug|x64
		{06A29192-8B96-4DFB-9C6C-AA5B4DDF8D36}.Debug|x64.Build.0 = Debug|x64
		{06A29192-8B96-4DFB-9C6C-AA5B4DDF8D36}.Debug|x86.ActiveCfg = Debug|Any CPU
		{06A29192-8B96-4DFB-9C6C-AA5B4DDF8D36}.DMS|Any CPU.ActiveCfg = DMS|Any CPU
		{06A29192-8B96-4DFB-9C6C-AA5B4DDF8D36}.DMS|Any CPU.Build.0 = DMS|Any CPU
		{06A29192-8B96-4DFB-9C6C-AA5B4DDF8D36}.DMS|x64.ActiveCfg = DMS|x64
		{06A29192-8B96-4DFB-9C6C-AA5B4DDF8D36}.DMS|x64.Build.0 = DMS|x64
		{06A29192-8B96-4DFB-9C6C-AA5B4DDF8D36}.DMS|x86.ActiveCfg = DMS|Any CPU
		{06A29192-8B96-4DFB-9C6C-AA5B4DDF8D36}.QAStaging|Any CPU.ActiveCfg = QAStaging|Any CPU
		{06A29192-8B96-4DFB-9C6C-AA5B4DDF8D36}.QAStaging|Any CPU.Build.0 = QAStaging|Any CPU
		{06A29192-8B96-4DFB-9C6C-AA5B4DDF8D36}.QAStaging|x64.ActiveCfg = QAStaging|x64
		{06A29192-8B96-4DFB-9C6C-AA5B4DDF8D36}.QAStaging|x64.Build.0 = QAStaging|x64
		{06A29192-8B96-4DFB-9C6C-AA5B4DDF8D36}.QAStaging|x86.ActiveCfg = QAStaging|Any CPU
		{06A29192-8B96-4DFB-9C6C-AA5B4DDF8D36}.Release|Any CPU.ActiveCfg = Release|Any CPU
		{06A29192-8B96-4DFB-9C6C-AA5B4DDF8D36}.Release|Any CPU.Build.0 = Release|Any CPU
		{06A29192-8B96-4DFB-9C6C-AA5B4DDF8D36}.Release|x64.ActiveCfg = Release|x64
		{06A29192-8B96-4DFB-9C6C-AA5B4DDF8D36}.Release|x64.Build.0 = Release|x64
		{06A29192-8B96-4DFB-9C6C-AA5B4DDF8D36}.Release|x86.ActiveCfg = Release|Any CPU
		{06A29192-8B96-4DFB-9C6C-AA5B4DDF8D36}.SIT|Any CPU.ActiveCfg = SIT|Any CPU
		{06A29192-8B96-4DFB-9C6C-AA5B4DDF8D36}.SIT|Any CPU.Build.0 = SIT|Any CPU
		{06A29192-8B96-4DFB-9C6C-AA5B4DDF8D36}.SIT|x64.ActiveCfg = SIT|x64
		{06A29192-8B96-4DFB-9C6C-AA5B4DDF8D36}.SIT|x64.Build.0 = SIT|x64
		{06A29192-8B96-4DFB-9C6C-AA5B4DDF8D36}.SIT|x86.ActiveCfg = SIT|Any CPU
		{26475885-56E1-4F74-A2C1-2DA985CE3999}.Debug|Any CPU.ActiveCfg = Debug|Any CPU
		{26475885-56E1-4F74-A2C1-2DA985CE3999}.Debug|Any CPU.Build.0 = Debug|Any CPU
		{26475885-56E1-4F74-A2C1-2DA985CE3999}.Debug|x64.ActiveCfg = Debug|x64
		{26475885-56E1-4F74-A2C1-2DA985CE3999}.Debug|x64.Build.0 = Debug|x64
		{26475885-56E1-4F74-A2C1-2DA985CE3999}.Debug|x86.ActiveCfg = Debug|Any CPU
		{26475885-56E1-4F74-A2C1-2DA985CE3999}.DMS|Any CPU.ActiveCfg = DMS|Any CPU
		{26475885-56E1-4F74-A2C1-2DA985CE3999}.DMS|Any CPU.Build.0 = DMS|Any CPU
		{26475885-56E1-4F74-A2C1-2DA985CE3999}.DMS|x64.ActiveCfg = DMS|x64
		{26475885-56E1-4F74-A2C1-2DA985CE3999}.DMS|x64.Build.0 = DMS|x64
		{26475885-56E1-4F74-A2C1-2DA985CE3999}.DMS|x86.ActiveCfg = DMS|Any CPU
		{26475885-56E1-4F74-A2C1-2DA985CE3999}.QAStaging|Any CPU.ActiveCfg = QAStaging|Any CPU
		{26475885-56E1-4F74-A2C1-2DA985CE3999}.QAStaging|Any CPU.Build.0 = QAStaging|Any CPU
		{26475885-56E1-4F74-A2C1-2DA985CE3999}.QAStaging|x64.ActiveCfg = QAStaging|x64
		{26475885-56E1-4F74-A2C1-2DA985CE3999}.QAStaging|x64.Build.0 = QAStaging|x64
		{26475885-56E1-4F74-A2C1-2DA985CE3999}.QAStaging|x86.ActiveCfg = QAStaging|Any CPU
		{26475885-56E1-4F74-A2C1-2DA985CE3999}.Release|Any CPU.ActiveCfg = Release|Any CPU
		{26475885-56E1-4F74-A2C1-2DA985CE3999}.Release|Any CPU.Build.0 = Release|Any CPU
		{26475885-56E1-4F74-A2C1-2DA985CE3999}.Release|x64.ActiveCfg = Release|x64
		{26475885-56E1-4F74-A2C1-2DA985CE3999}.Release|x64.Build.0 = Release|x64
		{26475885-56E1-4F74-A2C1-2DA985CE3999}.Release|x86.ActiveCfg = Release|Any CPU
		{26475885-56E1-4F74-A2C1-2DA985CE3999}.SIT|Any CPU.ActiveCfg = SIT|Any CPU
		{26475885-56E1-4F74-A2C1-2DA985CE3999}.SIT|Any CPU.Build.0 = SIT|Any CPU
		{26475885-56E1-4F74-A2C1-2DA985CE3999}.SIT|x64.ActiveCfg = SIT|x64
		{26475885-56E1-4F74-A2C1-2DA985CE3999}.SIT|x64.Build.0 = SIT|x64
		{26475885-56E1-4F74-A2C1-2DA985CE3999}.SIT|x86.ActiveCfg = SIT|Any CPU
		{35CD5278-BB7F-44D7-AB5B-FF5E551A916B}.Debug|Any CPU.ActiveCfg = Debug|Any CPU
		{35CD5278-BB7F-44D7-AB5B-FF5E551A916B}.Debug|Any CPU.Build.0 = Debug|Any CPU
		{35CD5278-BB7F-44D7-AB5B-FF5E551A916B}.Debug|x64.ActiveCfg = Debug|x64
		{35CD5278-BB7F-44D7-AB5B-FF5E551A916B}.Debug|x64.Build.0 = Debug|x64
		{35CD5278-BB7F-44D7-AB5B-FF5E551A916B}.Debug|x86.ActiveCfg = Debug|Any CPU
		{35CD5278-BB7F-44D7-AB5B-FF5E551A916B}.DMS|Any CPU.ActiveCfg = DMS|Any CPU
		{35CD5278-BB7F-44D7-AB5B-FF5E551A916B}.DMS|Any CPU.Build.0 = DMS|Any CPU
		{35CD5278-BB7F-44D7-AB5B-FF5E551A916B}.DMS|x64.ActiveCfg = DMS|x64
		{35CD5278-BB7F-44D7-AB5B-FF5E551A916B}.DMS|x64.Build.0 = DMS|x64
		{35CD5278-BB7F-44D7-AB5B-FF5E551A916B}.DMS|x86.ActiveCfg = DMS|Any CPU
		{35CD5278-BB7F-44D7-AB5B-FF5E551A916B}.QAStaging|Any CPU.ActiveCfg = QAStaging|Any CPU
		{35CD5278-BB7F-44D7-AB5B-FF5E551A916B}.QAStaging|Any CPU.Build.0 = QAStaging|Any CPU
		{35CD5278-BB7F-44D7-AB5B-FF5E551A916B}.QAStaging|x64.ActiveCfg = QAStaging|x64
		{35CD5278-BB7F-44D7-AB5B-FF5E551A916B}.QAStaging|x64.Build.0 = QAStaging|x64
		{35CD5278-BB7F-44D7-AB5B-FF5E551A916B}.QAStaging|x86.ActiveCfg = QAStaging|Any CPU
		{35CD5278-BB7F-44D7-AB5B-FF5E551A916B}.Release|Any CPU.ActiveCfg = Release|Any CPU
		{35CD5278-BB7F-44D7-AB5B-FF5E551A916B}.Release|Any CPU.Build.0 = Release|Any CPU
		{35CD5278-BB7F-44D7-AB5B-FF5E551A916B}.Release|x64.ActiveCfg = Release|x64
		{35CD5278-BB7F-44D7-AB5B-FF5E551A916B}.Release|x64.Build.0 = Release|x64
		{35CD5278-BB7F-44D7-AB5B-FF5E551A916B}.Release|x86.ActiveCfg = Release|Any CPU
		{35CD5278-BB7F-44D7-AB5B-FF5E551A916B}.SIT|Any CPU.ActiveCfg = SIT|Any CPU
		{35CD5278-BB7F-44D7-AB5B-FF5E551A916B}.SIT|Any CPU.Build.0 = SIT|Any CPU
		{35CD5278-BB7F-44D7-AB5B-FF5E551A916B}.SIT|x64.ActiveCfg = SIT|x64
		{35CD5278-BB7F-44D7-AB5B-FF5E551A916B}.SIT|x64.Build.0 = SIT|x64
		{35CD5278-BB7F-44D7-AB5B-FF5E551A916B}.SIT|x86.ActiveCfg = SIT|Any CPU
		{60B545D6-C505-42B3-B540-2955355DD657}.Debug|Any CPU.ActiveCfg = Debug|Any CPU
		{60B545D6-C505-42B3-B540-2955355DD657}.Debug|Any CPU.Build.0 = Debug|Any CPU
		{60B545D6-C505-42B3-B540-2955355DD657}.Debug|x64.ActiveCfg = Debug|x64
		{60B545D6-C505-42B3-B540-2955355DD657}.Debug|x64.Build.0 = Debug|x64
		{60B545D6-C505-42B3-B540-2955355DD657}.Debug|x86.ActiveCfg = Debug|Any CPU
		{60B545D6-C505-42B3-B540-2955355DD657}.DMS|Any CPU.ActiveCfg = DMS|Any CPU
		{60B545D6-C505-42B3-B540-2955355DD657}.DMS|Any CPU.Build.0 = DMS|Any CPU
		{60B545D6-C505-42B3-B540-2955355DD657}.DMS|x64.ActiveCfg = DMS|x64
		{60B545D6-C505-42B3-B540-2955355DD657}.DMS|x64.Build.0 = DMS|x64
		{60B545D6-C505-42B3-B540-2955355DD657}.DMS|x86.ActiveCfg = DMS|Any CPU
		{60B545D6-C505-42B3-B540-2955355DD657}.QAStaging|Any CPU.ActiveCfg = QAStaging|Any CPU
		{60B545D6-C505-42B3-B540-2955355DD657}.QAStaging|Any CPU.Build.0 = QAStaging|Any CPU
		{60B545D6-C505-42B3-B540-2955355DD657}.QAStaging|x64.ActiveCfg = QAStaging|x64
		{60B545D6-C505-42B3-B540-2955355DD657}.QAStaging|x64.Build.0 = QAStaging|x64
		{60B545D6-C505-42B3-B540-2955355DD657}.QAStaging|x86.ActiveCfg = QAStaging|Any CPU
		{60B545D6-C505-42B3-B540-2955355DD657}.Release|Any CPU.ActiveCfg = Release|Any CPU
		{60B545D6-C505-42B3-B540-2955355DD657}.Release|Any CPU.Build.0 = Release|Any CPU
		{60B545D6-C505-42B3-B540-2955355DD657}.Release|x64.ActiveCfg = Release|x64
		{60B545D6-C505-42B3-B540-2955355DD657}.Release|x64.Build.0 = Release|x64
		{60B545D6-C505-42B3-B540-2955355DD657}.Release|x86.ActiveCfg = Release|Any CPU
		{60B545D6-C505-42B3-B540-2955355DD657}.SIT|Any CPU.ActiveCfg = SIT|Any CPU
		{60B545D6-C505-42B3-B540-2955355DD657}.SIT|Any CPU.Build.0 = SIT|Any CPU
		{60B545D6-C505-42B3-B540-2955355DD657}.SIT|x64.ActiveCfg = SIT|x64
		{60B545D6-C505-42B3-B540-2955355DD657}.SIT|x64.Build.0 = SIT|x64
		{60B545D6-C505-42B3-B540-2955355DD657}.SIT|x86.ActiveCfg = SIT|Any CPU
		{01CDDDDC-F645-456C-9194-B5805CC40503}.Debug|Any CPU.ActiveCfg = Debug|Any CPU
		{01CDDDDC-F645-456C-9194-B5805CC40503}.Debug|Any CPU.Build.0 = Debug|Any CPU
		{01CDDDDC-F645-456C-9194-B5805CC40503}.Debug|x64.ActiveCfg = Debug|x64
		{01CDDDDC-F645-456C-9194-B5805CC40503}.Debug|x64.Build.0 = Debug|x64
		{01CDDDDC-F645-456C-9194-B5805CC40503}.Debug|x86.ActiveCfg = Debug|Any CPU
		{01CDDDDC-F645-456C-9194-B5805CC40503}.DMS|Any CPU.ActiveCfg = DMS|Any CPU
		{01CDDDDC-F645-456C-9194-B5805CC40503}.DMS|Any CPU.Build.0 = DMS|Any CPU
		{01CDDDDC-F645-456C-9194-B5805CC40503}.DMS|x64.ActiveCfg = DMS|x64
		{01CDDDDC-F645-456C-9194-B5805CC40503}.DMS|x64.Build.0 = DMS|x64
		{01CDDDDC-F645-456C-9194-B5805CC40503}.DMS|x86.ActiveCfg = DMS|Any CPU
		{01CDDDDC-F645-456C-9194-B5805CC40503}.QAStaging|Any CPU.ActiveCfg = QAStaging|Any CPU
		{01CDDDDC-F645-456C-9194-B5805CC40503}.QAStaging|Any CPU.Build.0 = QAStaging|Any CPU
		{01CDDDDC-F645-456C-9194-B5805CC40503}.QAStaging|x64.ActiveCfg = QAStaging|x64
		{01CDDDDC-F645-456C-9194-B5805CC40503}.QAStaging|x64.Build.0 = QAStaging|x64
		{01CDDDDC-F645-456C-9194-B5805CC40503}.QAStaging|x86.ActiveCfg = QAStaging|Any CPU
		{01CDDDDC-F645-456C-9194-B5805CC40503}.Release|Any CPU.ActiveCfg = Release|Any CPU
		{01CDDDDC-F645-456C-9194-B5805CC40503}.Release|Any CPU.Build.0 = Release|Any CPU
		{01CDDDDC-F645-456C-9194-B5805CC40503}.Release|x64.ActiveCfg = Release|x64
		{01CDDDDC-F645-456C-9194-B5805CC40503}.Release|x64.Build.0 = Release|x64
		{01CDDDDC-F645-456C-9194-B5805CC40503}.Release|x86.ActiveCfg = Release|Any CPU
		{01CDDDDC-F645-456C-9194-B5805CC40503}.SIT|Any CPU.ActiveCfg = SIT|Any CPU
		{01CDDDDC-F645-456C-9194-B5805CC40503}.SIT|Any CPU.Build.0 = SIT|Any CPU
		{01CDDDDC-F645-456C-9194-B5805CC40503}.SIT|x64.ActiveCfg = SIT|x64
		{01CDDDDC-F645-456C-9194-B5805CC40503}.SIT|x64.Build.0 = SIT|x64
		{01CDDDDC-F645-456C-9194-B5805CC40503}.SIT|x86.ActiveCfg = SIT|Any CPU
		{E839ABCC-D7EF-4D3A-A697-CBB1E0A21737}.Debug|Any CPU.ActiveCfg = Debug|Any CPU
		{E839ABCC-D7EF-4D3A-A697-CBB1E0A21737}.Debug|Any CPU.Build.0 = Debug|Any CPU
		{E839ABCC-D7EF-4D3A-A697-CBB1E0A21737}.Debug|x64.ActiveCfg = Debug|x64
		{E839ABCC-D7EF-4D3A-A697-CBB1E0A21737}.Debug|x64.Build.0 = Debug|x64
		{E839ABCC-D7EF-4D3A-A697-CBB1E0A21737}.Debug|x86.ActiveCfg = Debug|Any CPU
		{E839ABCC-D7EF-4D3A-A697-CBB1E0A21737}.DMS|Any CPU.ActiveCfg = Debug|Any CPU
		{E839ABCC-D7EF-4D3A-A697-CBB1E0A21737}.DMS|Any CPU.Build.0 = Debug|Any CPU
		{E839ABCC-D7EF-4D3A-A697-CBB1E0A21737}.DMS|x64.ActiveCfg = Debug|x64
		{E839ABCC-D7EF-4D3A-A697-CBB1E0A21737}.DMS|x64.Build.0 = Debug|x64
		{E839ABCC-D7EF-4D3A-A697-CBB1E0A21737}.DMS|x86.ActiveCfg = Debug|Any CPU
		{E839ABCC-D7EF-4D3A-A697-CBB1E0A21737}.QAStaging|Any CPU.ActiveCfg = QAStaging|Any CPU
		{E839ABCC-D7EF-4D3A-A697-CBB1E0A21737}.QAStaging|Any CPU.Build.0 = QAStaging|Any CPU
		{E839ABCC-D7EF-4D3A-A697-CBB1E0A21737}.QAStaging|x64.ActiveCfg = QAStaging|x64
		{E839ABCC-D7EF-4D3A-A697-CBB1E0A21737}.QAStaging|x64.Build.0 = QAStaging|x64
		{E839ABCC-D7EF-4D3A-A697-CBB1E0A21737}.QAStaging|x86.ActiveCfg = QAStaging|Any CPU
		{E839ABCC-D7EF-4D3A-A697-CBB1E0A21737}.Release|Any CPU.ActiveCfg = Release|Any CPU
		{E839ABCC-D7EF-4D3A-A697-CBB1E0A21737}.Release|Any CPU.Build.0 = Release|Any CPU
		{E839ABCC-D7EF-4D3A-A697-CBB1E0A21737}.Release|x64.ActiveCfg = Release|x64
		{E839ABCC-D7EF-4D3A-A697-CBB1E0A21737}.Release|x64.Build.0 = Release|x64
		{E839ABCC-D7EF-4D3A-A697-CBB1E0A21737}.Release|x86.ActiveCfg = Release|Any CPU
		{E839ABCC-D7EF-4D3A-A697-CBB1E0A21737}.SIT|Any CPU.ActiveCfg = SIT|Any CPU
		{E839ABCC-D7EF-4D3A-A697-CBB1E0A21737}.SIT|Any CPU.Build.0 = SIT|Any CPU
		{E839ABCC-D7EF-4D3A-A697-CBB1E0A21737}.SIT|x64.ActiveCfg = SIT|x64
		{E839ABCC-D7EF-4D3A-A697-CBB1E0A21737}.SIT|x64.Build.0 = SIT|x64
		{E839ABCC-D7EF-4D3A-A697-CBB1E0A21737}.SIT|x86.ActiveCfg = SIT|Any CPU
		{2A4EE316-2430-45C8-B2CA-7952D52E3180}.Debug|Any CPU.ActiveCfg = Debug|Any CPU
		{2A4EE316-2430-45C8-B2CA-7952D52E3180}.Debug|Any CPU.Build.0 = Debug|Any CPU
		{2A4EE316-2430-45C8-B2CA-7952D52E3180}.Debug|x64.ActiveCfg = Debug|x64
		{2A4EE316-2430-45C8-B2CA-7952D52E3180}.Debug|x64.Build.0 = Debug|x64
		{2A4EE316-2430-45C8-B2CA-7952D52E3180}.Debug|x86.ActiveCfg = Debug|Any CPU
		{2A4EE316-2430-45C8-B2CA-7952D52E3180}.DMS|Any CPU.ActiveCfg = DMS|Any CPU
		{2A4EE316-2430-45C8-B2CA-7952D52E3180}.DMS|Any CPU.Build.0 = DMS|Any CPU
		{2A4EE316-2430-45C8-B2CA-7952D52E3180}.DMS|x64.ActiveCfg = DMS|x64
		{2A4EE316-2430-45C8-B2CA-7952D52E3180}.DMS|x64.Build.0 = DMS|x64
		{2A4EE316-2430-45C8-B2CA-7952D52E3180}.DMS|x86.ActiveCfg = DMS|Any CPU
		{2A4EE316-2430-45C8-B2CA-7952D52E3180}.QAStaging|Any CPU.ActiveCfg = QAStaging|Any CPU
		{2A4EE316-2430-45C8-B2CA-7952D52E3180}.QAStaging|Any CPU.Build.0 = QAStaging|Any CPU
		{2A4EE316-2430-45C8-B2CA-7952D52E3180}.QAStaging|x64.ActiveCfg = QAStaging|x64
		{2A4EE316-2430-45C8-B2CA-7952D52E3180}.QAStaging|x64.Build.0 = QAStaging|x64
		{2A4EE316-2430-45C8-B2CA-7952D52E3180}.QAStaging|x86.ActiveCfg = QAStaging|Any CPU
		{2A4EE316-2430-45C8-B2CA-7952D52E3180}.Release|Any CPU.ActiveCfg = Release|Any CPU
		{2A4EE316-2430-45C8-B2CA-7952D52E3180}.Release|Any CPU.Build.0 = Release|Any CPU
		{2A4EE316-2430-45C8-B2CA-7952D52E3180}.Release|x64.ActiveCfg = Release|x64
		{2A4EE316-2430-45C8-B2CA-7952D52E3180}.Release|x64.Build.0 = Release|x64
		{2A4EE316-2430-45C8-B2CA-7952D52E3180}.Release|x86.ActiveCfg = Release|Any CPU
		{2A4EE316-2430-45C8-B2CA-7952D52E3180}.SIT|Any CPU.ActiveCfg = SIT|Any CPU
		{2A4EE316-2430-45C8-B2CA-7952D52E3180}.SIT|Any CPU.Build.0 = SIT|Any CPU
		{2A4EE316-2430-45C8-B2CA-7952D52E3180}.SIT|x64.ActiveCfg = SIT|x64
		{2A4EE316-2430-45C8-B2CA-7952D52E3180}.SIT|x64.Build.0 = SIT|x64
		{2A4EE316-2430-45C8-B2CA-7952D52E3180}.SIT|x86.ActiveCfg = SIT|Any CPU
		{B6DE3F6D-8A0E-4693-8204-4EA972DCBF2A}.Debug|Any CPU.ActiveCfg = Debug|Any CPU
		{B6DE3F6D-8A0E-4693-8204-4EA972DCBF2A}.Debug|Any CPU.Build.0 = Debug|Any CPU
		{B6DE3F6D-8A0E-4693-8204-4EA972DCBF2A}.Debug|x64.ActiveCfg = Debug|x64
		{B6DE3F6D-8A0E-4693-8204-4EA972DCBF2A}.Debug|x64.Build.0 = Debug|x64
		{B6DE3F6D-8A0E-4693-8204-4EA972DCBF2A}.Debug|x86.ActiveCfg = Debug|Any CPU
		{B6DE3F6D-8A0E-4693-8204-4EA972DCBF2A}.DMS|Any CPU.ActiveCfg = Debug|Any CPU
		{B6DE3F6D-8A0E-4693-8204-4EA972DCBF2A}.DMS|Any CPU.Build.0 = Debug|Any CPU
		{B6DE3F6D-8A0E-4693-8204-4EA972DCBF2A}.DMS|x64.ActiveCfg = Debug|x64
		{B6DE3F6D-8A0E-4693-8204-4EA972DCBF2A}.DMS|x64.Build.0 = Debug|x64
		{B6DE3F6D-8A0E-4693-8204-4EA972DCBF2A}.DMS|x86.ActiveCfg = Debug|Any CPU
		{B6DE3F6D-8A0E-4693-8204-4EA972DCBF2A}.QAStaging|Any CPU.ActiveCfg = QAStaging|Any CPU
		{B6DE3F6D-8A0E-4693-8204-4EA972DCBF2A}.QAStaging|Any CPU.Build.0 = QAStaging|Any CPU
		{B6DE3F6D-8A0E-4693-8204-4EA972DCBF2A}.QAStaging|x64.ActiveCfg = QAStaging|x64
		{B6DE3F6D-8A0E-4693-8204-4EA972DCBF2A}.QAStaging|x64.Build.0 = QAStaging|x64
		{B6DE3F6D-8A0E-4693-8204-4EA972DCBF2A}.QAStaging|x86.ActiveCfg = QAStaging|Any CPU
		{B6DE3F6D-8A0E-4693-8204-4EA972DCBF2A}.Release|Any CPU.ActiveCfg = Release|Any CPU
		{B6DE3F6D-8A0E-4693-8204-4EA972DCBF2A}.Release|Any CPU.Build.0 = Release|Any CPU
		{B6DE3F6D-8A0E-4693-8204-4EA972DCBF2A}.Release|x64.ActiveCfg = Release|x64
		{B6DE3F6D-8A0E-4693-8204-4EA972DCBF2A}.Release|x64.Build.0 = Release|x64
		{B6DE3F6D-8A0E-4693-8204-4EA972DCBF2A}.Release|x86.ActiveCfg = Release|Any CPU
		{B6DE3F6D-8A0E-4693-8204-4EA972DCBF2A}.SIT|Any CPU.ActiveCfg = SIT|Any CPU
		{B6DE3F6D-8A0E-4693-8204-4EA972DCBF2A}.SIT|Any CPU.Build.0 = SIT|Any CPU
		{B6DE3F6D-8A0E-4693-8204-4EA972DCBF2A}.SIT|x64.ActiveCfg = SIT|x64
		{B6DE3F6D-8A0E-4693-8204-4EA972DCBF2A}.SIT|x64.Build.0 = SIT|x64
		{B6DE3F6D-8A0E-4693-8204-4EA972DCBF2A}.SIT|x86.ActiveCfg = SIT|Any CPU
		{172FE48B-F8B2-419D-8F64-6D3470D2CDF2}.Debug|Any CPU.ActiveCfg = Debug|Any CPU
		{172FE48B-F8B2-419D-8F64-6D3470D2CDF2}.Debug|Any CPU.Build.0 = Debug|Any CPU
		{172FE48B-F8B2-419D-8F64-6D3470D2CDF2}.Debug|x64.ActiveCfg = Debug|x64
		{172FE48B-F8B2-419D-8F64-6D3470D2CDF2}.Debug|x64.Build.0 = Debug|x64
		{172FE48B-F8B2-419D-8F64-6D3470D2CDF2}.Debug|x86.ActiveCfg = Debug|x86
		{172FE48B-F8B2-419D-8F64-6D3470D2CDF2}.Debug|x86.Build.0 = Debug|x86
		{172FE48B-F8B2-419D-8F64-6D3470D2CDF2}.DMS|Any CPU.ActiveCfg = Debug|Any CPU
		{172FE48B-F8B2-419D-8F64-6D3470D2CDF2}.DMS|Any CPU.Build.0 = Debug|Any CPU
		{172FE48B-F8B2-419D-8F64-6D3470D2CDF2}.DMS|x64.ActiveCfg = Debug|x64
		{172FE48B-F8B2-419D-8F64-6D3470D2CDF2}.DMS|x64.Build.0 = Debug|x64
		{172FE48B-F8B2-419D-8F64-6D3470D2CDF2}.DMS|x86.ActiveCfg = Debug|x86
		{172FE48B-F8B2-419D-8F64-6D3470D2CDF2}.DMS|x86.Build.0 = Debug|x86
		{172FE48B-F8B2-419D-8F64-6D3470D2CDF2}.QAStaging|Any CPU.ActiveCfg = QAStaging|x86
		{172FE48B-F8B2-419D-8F64-6D3470D2CDF2}.QAStaging|Any CPU.Build.0 = QAStaging|x86
		{172FE48B-F8B2-419D-8F64-6D3470D2CDF2}.QAStaging|x64.ActiveCfg = QAStaging|x64
		{172FE48B-F8B2-419D-8F64-6D3470D2CDF2}.QAStaging|x64.Build.0 = QAStaging|x64
		{172FE48B-F8B2-419D-8F64-6D3470D2CDF2}.QAStaging|x86.ActiveCfg = Release|x86
		{172FE48B-F8B2-419D-8F64-6D3470D2CDF2}.QAStaging|x86.Build.0 = Release|x86
		{172FE48B-F8B2-419D-8F64-6D3470D2CDF2}.Release|Any CPU.ActiveCfg = Release|Any CPU
		{172FE48B-F8B2-419D-8F64-6D3470D2CDF2}.Release|Any CPU.Build.0 = Release|Any CPU
		{172FE48B-F8B2-419D-8F64-6D3470D2CDF2}.Release|x64.ActiveCfg = Release|x64
		{172FE48B-F8B2-419D-8F64-6D3470D2CDF2}.Release|x64.Build.0 = Release|x64
		{172FE48B-F8B2-419D-8F64-6D3470D2CDF2}.Release|x86.ActiveCfg = Release|x86
		{172FE48B-F8B2-419D-8F64-6D3470D2CDF2}.Release|x86.Build.0 = Release|x86
		{172FE48B-F8B2-419D-8F64-6D3470D2CDF2}.SIT|Any CPU.ActiveCfg = SIT|Any CPU
		{172FE48B-F8B2-419D-8F64-6D3470D2CDF2}.SIT|Any CPU.Build.0 = SIT|Any CPU
		{172FE48B-F8B2-419D-8F64-6D3470D2CDF2}.SIT|x64.ActiveCfg = SIT|x64
		{172FE48B-F8B2-419D-8F64-6D3470D2CDF2}.SIT|x64.Build.0 = SIT|x64
		{172FE48B-F8B2-419D-8F64-6D3470D2CDF2}.SIT|x86.ActiveCfg = SIT|x86
		{172FE48B-F8B2-419D-8F64-6D3470D2CDF2}.SIT|x86.Build.0 = SIT|x86
		{0B3E3874-7609-443D-A7DF-92BB77350041}.Debug|Any CPU.ActiveCfg = Debug|Any CPU
		{0B3E3874-7609-443D-A7DF-92BB77350041}.Debug|Any CPU.Build.0 = Debug|Any CPU
		{0B3E3874-7609-443D-A7DF-92BB77350041}.Debug|x64.ActiveCfg = Debug|x64
		{0B3E3874-7609-443D-A7DF-92BB77350041}.Debug|x64.Build.0 = Debug|x64
		{0B3E3874-7609-443D-A7DF-92BB77350041}.Debug|x86.ActiveCfg = Debug|Any CPU
		{0B3E3874-7609-443D-A7DF-92BB77350041}.DMS|Any CPU.ActiveCfg = Debug|Any CPU
		{0B3E3874-7609-443D-A7DF-92BB77350041}.DMS|Any CPU.Build.0 = Debug|Any CPU
		{0B3E3874-7609-443D-A7DF-92BB77350041}.DMS|x64.ActiveCfg = Debug|x64
		{0B3E3874-7609-443D-A7DF-92BB77350041}.DMS|x64.Build.0 = Debug|x64
		{0B3E3874-7609-443D-A7DF-92BB77350041}.DMS|x86.ActiveCfg = Debug|Any CPU
		{0B3E3874-7609-443D-A7DF-92BB77350041}.QAStaging|Any CPU.ActiveCfg = QAStaging|Any CPU
		{0B3E3874-7609-443D-A7DF-92BB77350041}.QAStaging|Any CPU.Build.0 = QAStaging|Any CPU
		{0B3E3874-7609-443D-A7DF-92BB77350041}.QAStaging|x64.ActiveCfg = QAStaging|x64
		{0B3E3874-7609-443D-A7DF-92BB77350041}.QAStaging|x64.Build.0 = QAStaging|x64
		{0B3E3874-7609-443D-A7DF-92BB77350041}.QAStaging|x86.ActiveCfg = Release|Any CPU
		{0B3E3874-7609-443D-A7DF-92BB77350041}.Release|Any CPU.ActiveCfg = Release|Any CPU
		{0B3E3874-7609-443D-A7DF-92BB77350041}.Release|Any CPU.Build.0 = Release|Any CPU
		{0B3E3874-7609-443D-A7DF-92BB77350041}.Release|x64.ActiveCfg = Release|x64
		{0B3E3874-7609-443D-A7DF-92BB77350041}.Release|x64.Build.0 = Release|x64
		{0B3E3874-7609-443D-A7DF-92BB77350041}.Release|x86.ActiveCfg = Release|Any CPU
		{0B3E3874-7609-443D-A7DF-92BB77350041}.SIT|Any CPU.ActiveCfg = SIT|Any CPU
		{0B3E3874-7609-443D-A7DF-92BB77350041}.SIT|Any CPU.Build.0 = SIT|Any CPU
		{0B3E3874-7609-443D-A7DF-92BB77350041}.SIT|x64.ActiveCfg = SIT|x64
		{0B3E3874-7609-443D-A7DF-92BB77350041}.SIT|x64.Build.0 = SIT|x64
		{0B3E3874-7609-443D-A7DF-92BB77350041}.SIT|x86.ActiveCfg = SIT|Any CPU
		{CD8E53D2-B177-494B-AE08-1CEEF98E43D7}.Debug|Any CPU.ActiveCfg = Debug|Any CPU
		{CD8E53D2-B177-494B-AE08-1CEEF98E43D7}.Debug|Any CPU.Build.0 = Debug|Any CPU
		{CD8E53D2-B177-494B-AE08-1CEEF98E43D7}.Debug|x64.ActiveCfg = Debug|x64
		{CD8E53D2-B177-494B-AE08-1CEEF98E43D7}.Debug|x64.Build.0 = Debug|x64
		{CD8E53D2-B177-494B-AE08-1CEEF98E43D7}.Debug|x86.ActiveCfg = Debug|Any CPU
		{CD8E53D2-B177-494B-AE08-1CEEF98E43D7}.DMS|Any CPU.ActiveCfg = Debug|Any CPU
		{CD8E53D2-B177-494B-AE08-1CEEF98E43D7}.DMS|Any CPU.Build.0 = Debug|Any CPU
		{CD8E53D2-B177-494B-AE08-1CEEF98E43D7}.DMS|x64.ActiveCfg = Debug|x64
		{CD8E53D2-B177-494B-AE08-1CEEF98E43D7}.DMS|x64.Build.0 = Debug|x64
		{CD8E53D2-B177-494B-AE08-1CEEF98E43D7}.DMS|x86.ActiveCfg = Debug|Any CPU
		{CD8E53D2-B177-494B-AE08-1CEEF98E43D7}.QAStaging|Any CPU.ActiveCfg = QAStaging|Any CPU
		{CD8E53D2-B177-494B-AE08-1CEEF98E43D7}.QAStaging|Any CPU.Build.0 = QAStaging|Any CPU
		{CD8E53D2-B177-494B-AE08-1CEEF98E43D7}.QAStaging|x64.ActiveCfg = QAStaging|x64
		{CD8E53D2-B177-494B-AE08-1CEEF98E43D7}.QAStaging|x64.Build.0 = QAStaging|x64
		{CD8E53D2-B177-494B-AE08-1CEEF98E43D7}.QAStaging|x86.ActiveCfg = Release|Any CPU
		{CD8E53D2-B177-494B-AE08-1CEEF98E43D7}.Release|Any CPU.ActiveCfg = Release|Any CPU
		{CD8E53D2-B177-494B-AE08-1CEEF98E43D7}.Release|Any CPU.Build.0 = Release|Any CPU
		{CD8E53D2-B177-494B-AE08-1CEEF98E43D7}.Release|x64.ActiveCfg = Release|x64
		{CD8E53D2-B177-494B-AE08-1CEEF98E43D7}.Release|x64.Build.0 = Release|x64
		{CD8E53D2-B177-494B-AE08-1CEEF98E43D7}.Release|x86.ActiveCfg = Release|Any CPU
		{CD8E53D2-B177-494B-AE08-1CEEF98E43D7}.SIT|Any CPU.ActiveCfg = SIT|Any CPU
		{CD8E53D2-B177-494B-AE08-1CEEF98E43D7}.SIT|Any CPU.Build.0 = SIT|Any CPU
		{CD8E53D2-B177-494B-AE08-1CEEF98E43D7}.SIT|x64.ActiveCfg = SIT|x64
		{CD8E53D2-B177-494B-AE08-1CEEF98E43D7}.SIT|x64.Build.0 = SIT|x64
		{CD8E53D2-B177-494B-AE08-1CEEF98E43D7}.SIT|x86.ActiveCfg = SIT|Any CPU
		{496B4494-3F4A-4C38-8BA5-EB15F7719EFE}.Debug|Any CPU.ActiveCfg = Debug|Any CPU
		{496B4494-3F4A-4C38-8BA5-EB15F7719EFE}.Debug|Any CPU.Build.0 = Debug|Any CPU
		{496B4494-3F4A-4C38-8BA5-EB15F7719EFE}.Debug|x64.ActiveCfg = Debug|x64
		{496B4494-3F4A-4C38-8BA5-EB15F7719EFE}.Debug|x64.Build.0 = Debug|x64
		{496B4494-3F4A-4C38-8BA5-EB15F7719EFE}.Debug|x86.ActiveCfg = Debug|Any CPU
		{496B4494-3F4A-4C38-8BA5-EB15F7719EFE}.DMS|Any CPU.ActiveCfg = Debug|Any CPU
		{496B4494-3F4A-4C38-8BA5-EB15F7719EFE}.DMS|Any CPU.Build.0 = Debug|Any CPU
		{496B4494-3F4A-4C38-8BA5-EB15F7719EFE}.DMS|x64.ActiveCfg = Debug|x64
		{496B4494-3F4A-4C38-8BA5-EB15F7719EFE}.DMS|x64.Build.0 = Debug|x64
		{496B4494-3F4A-4C38-8BA5-EB15F7719EFE}.DMS|x86.ActiveCfg = Debug|Any CPU
		{496B4494-3F4A-4C38-8BA5-EB15F7719EFE}.QAStaging|Any CPU.ActiveCfg = QAStaging|Any CPU
		{496B4494-3F4A-4C38-8BA5-EB15F7719EFE}.QAStaging|Any CPU.Build.0 = QAStaging|Any CPU
		{496B4494-3F4A-4C38-8BA5-EB15F7719EFE}.QAStaging|x64.ActiveCfg = QAStaging|x64
		{496B4494-3F4A-4C38-8BA5-EB15F7719EFE}.QAStaging|x64.Build.0 = QAStaging|x64
		{496B4494-3F4A-4C38-8BA5-EB15F7719EFE}.QAStaging|x86.ActiveCfg = Release|Any CPU
		{496B4494-3F4A-4C38-8BA5-EB15F7719EFE}.Release|Any CPU.ActiveCfg = Release|Any CPU
		{496B4494-3F4A-4C38-8BA5-EB15F7719EFE}.Release|Any CPU.Build.0 = Release|Any CPU
		{496B4494-3F4A-4C38-8BA5-EB15F7719EFE}.Release|x64.ActiveCfg = Release|x64
		{496B4494-3F4A-4C38-8BA5-EB15F7719EFE}.Release|x64.Build.0 = Release|x64
		{496B4494-3F4A-4C38-8BA5-EB15F7719EFE}.Release|x86.ActiveCfg = Release|Any CPU
		{496B4494-3F4A-4C38-8BA5-EB15F7719EFE}.SIT|Any CPU.ActiveCfg = SIT|Any CPU
		{496B4494-3F4A-4C38-8BA5-EB15F7719EFE}.SIT|Any CPU.Build.0 = SIT|Any CPU
		{496B4494-3F4A-4C38-8BA5-EB15F7719EFE}.SIT|x64.ActiveCfg = SIT|x64
		{496B4494-3F4A-4C38-8BA5-EB15F7719EFE}.SIT|x64.Build.0 = SIT|x64
		{496B4494-3F4A-4C38-8BA5-EB15F7719EFE}.SIT|x86.ActiveCfg = SIT|Any CPU
		{E04276C6-A965-47B4-AFA8-B02359BEFC69}.Debug|Any CPU.ActiveCfg = Debug|Any CPU
		{E04276C6-A965-47B4-AFA8-B02359BEFC69}.Debug|Any CPU.Build.0 = Debug|Any CPU
		{E04276C6-A965-47B4-AFA8-B02359BEFC69}.Debug|x64.ActiveCfg = Debug|x64
		{E04276C6-A965-47B4-AFA8-B02359BEFC69}.Debug|x64.Build.0 = Debug|x64
		{E04276C6-A965-47B4-AFA8-B02359BEFC69}.Debug|x86.ActiveCfg = Debug|Any CPU
		{E04276C6-A965-47B4-AFA8-B02359BEFC69}.DMS|Any CPU.ActiveCfg = Debug|Any CPU
		{E04276C6-A965-47B4-AFA8-B02359BEFC69}.DMS|Any CPU.Build.0 = Debug|Any CPU
		{E04276C6-A965-47B4-AFA8-B02359BEFC69}.DMS|x64.ActiveCfg = Debug|x64
		{E04276C6-A965-47B4-AFA8-B02359BEFC69}.DMS|x64.Build.0 = Debug|x64
		{E04276C6-A965-47B4-AFA8-B02359BEFC69}.DMS|x86.ActiveCfg = Debug|Any CPU
		{E04276C6-A965-47B4-AFA8-B02359BEFC69}.QAStaging|Any CPU.ActiveCfg = QAStaging|Any CPU
		{E04276C6-A965-47B4-AFA8-B02359BEFC69}.QAStaging|Any CPU.Build.0 = QAStaging|Any CPU
		{E04276C6-A965-47B4-AFA8-B02359BEFC69}.QAStaging|x64.ActiveCfg = QAStaging|x64
		{E04276C6-A965-47B4-AFA8-B02359BEFC69}.QAStaging|x64.Build.0 = QAStaging|x64
		{E04276C6-A965-47B4-AFA8-B02359BEFC69}.QAStaging|x86.ActiveCfg = Release|Any CPU
		{E04276C6-A965-47B4-AFA8-B02359BEFC69}.Release|Any CPU.ActiveCfg = Release|Any CPU
		{E04276C6-A965-47B4-AFA8-B02359BEFC69}.Release|Any CPU.Build.0 = Release|Any CPU
		{E04276C6-A965-47B4-AFA8-B02359BEFC69}.Release|x64.ActiveCfg = Release|x64
		{E04276C6-A965-47B4-AFA8-B02359BEFC69}.Release|x64.Build.0 = Release|x64
		{E04276C6-A965-47B4-AFA8-B02359BEFC69}.Release|x86.ActiveCfg = Release|Any CPU
		{E04276C6-A965-47B4-AFA8-B02359BEFC69}.SIT|Any CPU.ActiveCfg = SIT|Any CPU
		{E04276C6-A965-47B4-AFA8-B02359BEFC69}.SIT|Any CPU.Build.0 = SIT|Any CPU
		{E04276C6-A965-47B4-AFA8-B02359BEFC69}.SIT|x64.ActiveCfg = SIT|x64
		{E04276C6-A965-47B4-AFA8-B02359BEFC69}.SIT|x64.Build.0 = SIT|x64
		{E04276C6-A965-47B4-AFA8-B02359BEFC69}.SIT|x86.ActiveCfg = SIT|Any CPU
		{16D5B9B2-720C-441A-9CE3-F4BDEDE67DF4}.Debug|Any CPU.ActiveCfg = Debug|Any CPU
		{16D5B9B2-720C-441A-9CE3-F4BDEDE67DF4}.Debug|Any CPU.Build.0 = Debug|Any CPU
		{16D5B9B2-720C-441A-9CE3-F4BDEDE67DF4}.Debug|x64.ActiveCfg = Debug|x64
		{16D5B9B2-720C-441A-9CE3-F4BDEDE67DF4}.Debug|x64.Build.0 = Debug|x64
		{16D5B9B2-720C-441A-9CE3-F4BDEDE67DF4}.Debug|x86.ActiveCfg = Debug|Any CPU
		{16D5B9B2-720C-441A-9CE3-F4BDEDE67DF4}.DMS|Any CPU.ActiveCfg = Debug|Any CPU
		{16D5B9B2-720C-441A-9CE3-F4BDEDE67DF4}.DMS|Any CPU.Build.0 = Debug|Any CPU
		{16D5B9B2-720C-441A-9CE3-F4BDEDE67DF4}.DMS|x64.ActiveCfg = Debug|x64
		{16D5B9B2-720C-441A-9CE3-F4BDEDE67DF4}.DMS|x64.Build.0 = Debug|x64
		{16D5B9B2-720C-441A-9CE3-F4BDEDE67DF4}.DMS|x86.ActiveCfg = Debug|Any CPU
		{16D5B9B2-720C-441A-9CE3-F4BDEDE67DF4}.QAStaging|Any CPU.ActiveCfg = QAStaging|Any CPU
		{16D5B9B2-720C-441A-9CE3-F4BDEDE67DF4}.QAStaging|Any CPU.Build.0 = QAStaging|Any CPU
		{16D5B9B2-720C-441A-9CE3-F4BDEDE67DF4}.QAStaging|x64.ActiveCfg = QAStaging|x64
		{16D5B9B2-720C-441A-9CE3-F4BDEDE67DF4}.QAStaging|x64.Build.0 = QAStaging|x64
		{16D5B9B2-720C-441A-9CE3-F4BDEDE67DF4}.QAStaging|x86.ActiveCfg = Release|Any CPU
		{16D5B9B2-720C-441A-9CE3-F4BDEDE67DF4}.Release|Any CPU.ActiveCfg = Release|Any CPU
		{16D5B9B2-720C-441A-9CE3-F4BDEDE67DF4}.Release|Any CPU.Build.0 = Release|Any CPU
		{16D5B9B2-720C-441A-9CE3-F4BDEDE67DF4}.Release|x64.ActiveCfg = Release|x64
		{16D5B9B2-720C-441A-9CE3-F4BDEDE67DF4}.Release|x64.Build.0 = Release|x64
		{16D5B9B2-720C-441A-9CE3-F4BDEDE67DF4}.Release|x86.ActiveCfg = Release|Any CPU
		{16D5B9B2-720C-441A-9CE3-F4BDEDE67DF4}.SIT|Any CPU.ActiveCfg = SIT|Any CPU
		{16D5B9B2-720C-441A-9CE3-F4BDEDE67DF4}.SIT|Any CPU.Build.0 = SIT|Any CPU
		{16D5B9B2-720C-441A-9CE3-F4BDEDE67DF4}.SIT|x64.ActiveCfg = SIT|x64
		{16D5B9B2-720C-441A-9CE3-F4BDEDE67DF4}.SIT|x64.Build.0 = SIT|x64
		{16D5B9B2-720C-441A-9CE3-F4BDEDE67DF4}.SIT|x86.ActiveCfg = SIT|Any CPU
		{62815179-C84D-4F04-8FAC-8736DDDF1E10}.Debug|Any CPU.ActiveCfg = Debug|Any CPU
		{62815179-C84D-4F04-8FAC-8736DDDF1E10}.Debug|Any CPU.Build.0 = Debug|Any CPU
		{62815179-C84D-4F04-8FAC-8736DDDF1E10}.Debug|x64.ActiveCfg = Debug|x64
		{62815179-C84D-4F04-8FAC-8736DDDF1E10}.Debug|x64.Build.0 = Debug|x64
		{62815179-C84D-4F04-8FAC-8736DDDF1E10}.Debug|x86.ActiveCfg = Debug|Any CPU
		{62815179-C84D-4F04-8FAC-8736DDDF1E10}.DMS|Any CPU.ActiveCfg = Debug|Any CPU
		{62815179-C84D-4F04-8FAC-8736DDDF1E10}.DMS|Any CPU.Build.0 = Debug|Any CPU
		{62815179-C84D-4F04-8FAC-8736DDDF1E10}.DMS|x64.ActiveCfg = Debug|x64
		{62815179-C84D-4F04-8FAC-8736DDDF1E10}.DMS|x64.Build.0 = Debug|x64
		{62815179-C84D-4F04-8FAC-8736DDDF1E10}.DMS|x86.ActiveCfg = Debug|Any CPU
		{62815179-C84D-4F04-8FAC-8736DDDF1E10}.QAStaging|Any CPU.ActiveCfg = QAStaging|Any CPU
		{62815179-C84D-4F04-8FAC-8736DDDF1E10}.QAStaging|Any CPU.Build.0 = QAStaging|Any CPU
		{62815179-C84D-4F04-8FAC-8736DDDF1E10}.QAStaging|x64.ActiveCfg = QAStaging|x64
		{62815179-C84D-4F04-8FAC-8736DDDF1E10}.QAStaging|x64.Build.0 = QAStaging|x64
		{62815179-C84D-4F04-8FAC-8736DDDF1E10}.QAStaging|x86.ActiveCfg = Release|Any CPU
		{62815179-C84D-4F04-8FAC-8736DDDF1E10}.Release|Any CPU.ActiveCfg = Release|Any CPU
		{62815179-C84D-4F04-8FAC-8736DDDF1E10}.Release|Any CPU.Build.0 = Release|Any CPU
		{62815179-C84D-4F04-8FAC-8736DDDF1E10}.Release|x64.ActiveCfg = Release|x64
		{62815179-C84D-4F04-8FAC-8736DDDF1E10}.Release|x64.Build.0 = Release|x64
		{62815179-C84D-4F04-8FAC-8736DDDF1E10}.Release|x86.ActiveCfg = Release|Any CPU
		{62815179-C84D-4F04-8FAC-8736DDDF1E10}.SIT|Any CPU.ActiveCfg = SIT|Any CPU
		{62815179-C84D-4F04-8FAC-8736DDDF1E10}.SIT|Any CPU.Build.0 = SIT|Any CPU
		{62815179-C84D-4F04-8FAC-8736DDDF1E10}.SIT|x64.ActiveCfg = SIT|x64
		{62815179-C84D-4F04-8FAC-8736DDDF1E10}.SIT|x64.Build.0 = SIT|x64
		{62815179-C84D-4F04-8FAC-8736DDDF1E10}.SIT|x86.ActiveCfg = SIT|Any CPU
		{922A6BE5-ED27-4066-BFE2-A0D4A7EACB93}.Debug|Any CPU.ActiveCfg = Debug|Any CPU
		{922A6BE5-ED27-4066-BFE2-A0D4A7EACB93}.Debug|Any CPU.Build.0 = Debug|Any CPU
		{922A6BE5-ED27-4066-BFE2-A0D4A7EACB93}.Debug|x64.ActiveCfg = Debug|x64
		{922A6BE5-ED27-4066-BFE2-A0D4A7EACB93}.Debug|x64.Build.0 = Debug|x64
		{922A6BE5-ED27-4066-BFE2-A0D4A7EACB93}.Debug|x86.ActiveCfg = Debug|Any CPU
		{922A6BE5-ED27-4066-BFE2-A0D4A7EACB93}.DMS|Any CPU.ActiveCfg = Debug|Any CPU
		{922A6BE5-ED27-4066-BFE2-A0D4A7EACB93}.DMS|Any CPU.Build.0 = Debug|Any CPU
		{922A6BE5-ED27-4066-BFE2-A0D4A7EACB93}.DMS|x64.ActiveCfg = Debug|x64
		{922A6BE5-ED27-4066-BFE2-A0D4A7EACB93}.DMS|x64.Build.0 = Debug|x64
		{922A6BE5-ED27-4066-BFE2-A0D4A7EACB93}.DMS|x86.ActiveCfg = Debug|Any CPU
		{922A6BE5-ED27-4066-BFE2-A0D4A7EACB93}.QAStaging|Any CPU.ActiveCfg = QAStaging|Any CPU
		{922A6BE5-ED27-4066-BFE2-A0D4A7EACB93}.QAStaging|Any CPU.Build.0 = QAStaging|Any CPU
		{922A6BE5-ED27-4066-BFE2-A0D4A7EACB93}.QAStaging|x64.ActiveCfg = QAStaging|x64
		{922A6BE5-ED27-4066-BFE2-A0D4A7EACB93}.QAStaging|x64.Build.0 = QAStaging|x64
		{922A6BE5-ED27-4066-BFE2-A0D4A7EACB93}.QAStaging|x86.ActiveCfg = Release|Any CPU
		{922A6BE5-ED27-4066-BFE2-A0D4A7EACB93}.Release|Any CPU.ActiveCfg = Release|Any CPU
		{922A6BE5-ED27-4066-BFE2-A0D4A7EACB93}.Release|Any CPU.Build.0 = Release|Any CPU
		{922A6BE5-ED27-4066-BFE2-A0D4A7EACB93}.Release|x64.ActiveCfg = Release|x64
		{922A6BE5-ED27-4066-BFE2-A0D4A7EACB93}.Release|x64.Build.0 = Release|x64
		{922A6BE5-ED27-4066-BFE2-A0D4A7EACB93}.Release|x86.ActiveCfg = Release|Any CPU
		{922A6BE5-ED27-4066-BFE2-A0D4A7EACB93}.SIT|Any CPU.ActiveCfg = SIT|Any CPU
		{922A6BE5-ED27-4066-BFE2-A0D4A7EACB93}.SIT|Any CPU.Build.0 = SIT|Any CPU
		{922A6BE5-ED27-4066-BFE2-A0D4A7EACB93}.SIT|x64.ActiveCfg = SIT|x64
		{922A6BE5-ED27-4066-BFE2-A0D4A7EACB93}.SIT|x64.Build.0 = SIT|x64
		{922A6BE5-ED27-4066-BFE2-A0D4A7EACB93}.SIT|x86.ActiveCfg = SIT|Any CPU
		{44D3F369-DA8D-4AD0-BFF8-F3D60E1C741C}.Debug|Any CPU.ActiveCfg = Debug|Any CPU
		{44D3F369-DA8D-4AD0-BFF8-F3D60E1C741C}.Debug|Any CPU.Build.0 = Debug|Any CPU
		{44D3F369-DA8D-4AD0-BFF8-F3D60E1C741C}.Debug|x64.ActiveCfg = Debug|x64
		{44D3F369-DA8D-4AD0-BFF8-F3D60E1C741C}.Debug|x64.Build.0 = Debug|x64
		{44D3F369-DA8D-4AD0-BFF8-F3D60E1C741C}.Debug|x86.ActiveCfg = Debug|Any CPU
		{44D3F369-DA8D-4AD0-BFF8-F3D60E1C741C}.DMS|Any CPU.ActiveCfg = Debug|Any CPU
		{44D3F369-DA8D-4AD0-BFF8-F3D60E1C741C}.DMS|Any CPU.Build.0 = Debug|Any CPU
		{44D3F369-DA8D-4AD0-BFF8-F3D60E1C741C}.DMS|x64.ActiveCfg = Debug|x64
		{44D3F369-DA8D-4AD0-BFF8-F3D60E1C741C}.DMS|x64.Build.0 = Debug|x64
		{44D3F369-DA8D-4AD0-BFF8-F3D60E1C741C}.DMS|x86.ActiveCfg = Debug|Any CPU
		{44D3F369-DA8D-4AD0-BFF8-F3D60E1C741C}.QAStaging|Any CPU.ActiveCfg = QAStaging|Any CPU
		{44D3F369-DA8D-4AD0-BFF8-F3D60E1C741C}.QAStaging|Any CPU.Build.0 = QAStaging|Any CPU
		{44D3F369-DA8D-4AD0-BFF8-F3D60E1C741C}.QAStaging|x64.ActiveCfg = QAStaging|x64
		{44D3F369-DA8D-4AD0-BFF8-F3D60E1C741C}.QAStaging|x64.Build.0 = QAStaging|x64
		{44D3F369-DA8D-4AD0-BFF8-F3D60E1C741C}.QAStaging|x86.ActiveCfg = Release|Any CPU
		{44D3F369-DA8D-4AD0-BFF8-F3D60E1C741C}.Release|Any CPU.ActiveCfg = Release|Any CPU
		{44D3F369-DA8D-4AD0-BFF8-F3D60E1C741C}.Release|Any CPU.Build.0 = Release|Any CPU
		{44D3F369-DA8D-4AD0-BFF8-F3D60E1C741C}.Release|x64.ActiveCfg = Release|x64
		{44D3F369-DA8D-4AD0-BFF8-F3D60E1C741C}.Release|x64.Build.0 = Release|x64
		{44D3F369-DA8D-4AD0-BFF8-F3D60E1C741C}.Release|x86.ActiveCfg = Release|Any CPU
		{44D3F369-DA8D-4AD0-BFF8-F3D60E1C741C}.SIT|Any CPU.ActiveCfg = SIT|Any CPU
		{44D3F369-DA8D-4AD0-BFF8-F3D60E1C741C}.SIT|Any CPU.Build.0 = SIT|Any CPU
		{44D3F369-DA8D-4AD0-BFF8-F3D60E1C741C}.SIT|x64.ActiveCfg = SIT|x64
		{44D3F369-DA8D-4AD0-BFF8-F3D60E1C741C}.SIT|x64.Build.0 = SIT|x64
		{44D3F369-DA8D-4AD0-BFF8-F3D60E1C741C}.SIT|x86.ActiveCfg = SIT|Any CPU
		{17F38C9B-D956-438D-8577-18837C5AE615}.Debug|Any CPU.ActiveCfg = Debug|Any CPU
		{17F38C9B-D956-438D-8577-18837C5AE615}.Debug|Any CPU.Build.0 = Debug|Any CPU
		{17F38C9B-D956-438D-8577-18837C5AE615}.Debug|x64.ActiveCfg = Debug|x64
		{17F38C9B-D956-438D-8577-18837C5AE615}.Debug|x64.Build.0 = Debug|x64
		{17F38C9B-D956-438D-8577-18837C5AE615}.Debug|x86.ActiveCfg = Debug|Any CPU
		{17F38C9B-D956-438D-8577-18837C5AE615}.DMS|Any CPU.ActiveCfg = Debug|Any CPU
		{17F38C9B-D956-438D-8577-18837C5AE615}.DMS|Any CPU.Build.0 = Debug|Any CPU
		{17F38C9B-D956-438D-8577-18837C5AE615}.DMS|x64.ActiveCfg = Debug|x64
		{17F38C9B-D956-438D-8577-18837C5AE615}.DMS|x64.Build.0 = Debug|x64
		{17F38C9B-D956-438D-8577-18837C5AE615}.DMS|x86.ActiveCfg = Debug|Any CPU
		{17F38C9B-D956-438D-8577-18837C5AE615}.QAStaging|Any CPU.ActiveCfg = QAStaging|Any CPU
		{17F38C9B-D956-438D-8577-18837C5AE615}.QAStaging|Any CPU.Build.0 = QAStaging|Any CPU
		{17F38C9B-D956-438D-8577-18837C5AE615}.QAStaging|x64.ActiveCfg = QAStaging|x64
		{17F38C9B-D956-438D-8577-18837C5AE615}.QAStaging|x64.Build.0 = QAStaging|x64
		{17F38C9B-D956-438D-8577-18837C5AE615}.QAStaging|x86.ActiveCfg = Release|Any CPU
		{17F38C9B-D956-438D-8577-18837C5AE615}.Release|Any CPU.ActiveCfg = Release|Any CPU
		{17F38C9B-D956-438D-8577-18837C5AE615}.Release|Any CPU.Build.0 = Release|Any CPU
		{17F38C9B-D956-438D-8577-18837C5AE615}.Release|x64.ActiveCfg = Release|x64
		{17F38C9B-D956-438D-8577-18837C5AE615}.Release|x64.Build.0 = Release|x64
		{17F38C9B-D956-438D-8577-18837C5AE615}.Release|x86.ActiveCfg = Release|Any CPU
		{17F38C9B-D956-438D-8577-18837C5AE615}.SIT|Any CPU.ActiveCfg = SIT|Any CPU
		{17F38C9B-D956-438D-8577-18837C5AE615}.SIT|Any CPU.Build.0 = SIT|Any CPU
		{17F38C9B-D956-438D-8577-18837C5AE615}.SIT|x64.ActiveCfg = SIT|x64
		{17F38C9B-D956-438D-8577-18837C5AE615}.SIT|x64.Build.0 = SIT|x64
		{17F38C9B-D956-438D-8577-18837C5AE615}.SIT|x86.ActiveCfg = SIT|Any CPU
		{6AB8E6B0-9E96-4AD0-8695-7E6275068442}.Debug|Any CPU.ActiveCfg = Debug|Any CPU
		{6AB8E6B0-9E96-4AD0-8695-7E6275068442}.Debug|Any CPU.Build.0 = Debug|Any CPU
		{6AB8E6B0-9E96-4AD0-8695-7E6275068442}.Debug|x64.ActiveCfg = Debug|x64
		{6AB8E6B0-9E96-4AD0-8695-7E6275068442}.Debug|x64.Build.0 = Debug|x64
		{6AB8E6B0-9E96-4AD0-8695-7E6275068442}.Debug|x86.ActiveCfg = Debug|Any CPU
		{6AB8E6B0-9E96-4AD0-8695-7E6275068442}.DMS|Any CPU.ActiveCfg = Debug|Any CPU
		{6AB8E6B0-9E96-4AD0-8695-7E6275068442}.DMS|Any CPU.Build.0 = Debug|Any CPU
		{6AB8E6B0-9E96-4AD0-8695-7E6275068442}.DMS|x64.ActiveCfg = Debug|x64
		{6AB8E6B0-9E96-4AD0-8695-7E6275068442}.DMS|x64.Build.0 = Debug|x64
		{6AB8E6B0-9E96-4AD0-8695-7E6275068442}.DMS|x86.ActiveCfg = Debug|Any CPU
		{6AB8E6B0-9E96-4AD0-8695-7E6275068442}.QAStaging|Any CPU.ActiveCfg = QAStaging|Any CPU
		{6AB8E6B0-9E96-4AD0-8695-7E6275068442}.QAStaging|Any CPU.Build.0 = QAStaging|Any CPU
		{6AB8E6B0-9E96-4AD0-8695-7E6275068442}.QAStaging|x64.ActiveCfg = QAStaging|x64
		{6AB8E6B0-9E96-4AD0-8695-7E6275068442}.QAStaging|x64.Build.0 = QAStaging|x64
		{6AB8E6B0-9E96-4AD0-8695-7E6275068442}.QAStaging|x86.ActiveCfg = Release|Any CPU
		{6AB8E6B0-9E96-4AD0-8695-7E6275068442}.Release|Any CPU.ActiveCfg = Release|Any CPU
		{6AB8E6B0-9E96-4AD0-8695-7E6275068442}.Release|Any CPU.Build.0 = Release|Any CPU
		{6AB8E6B0-9E96-4AD0-8695-7E6275068442}.Release|x64.ActiveCfg = Release|x64
		{6AB8E6B0-9E96-4AD0-8695-7E6275068442}.Release|x64.Build.0 = Release|x64
		{6AB8E6B0-9E96-4AD0-8695-7E6275068442}.Release|x86.ActiveCfg = Release|Any CPU
		{6AB8E6B0-9E96-4AD0-8695-7E6275068442}.SIT|Any CPU.ActiveCfg = SIT|Any CPU
		{6AB8E6B0-9E96-4AD0-8695-7E6275068442}.SIT|Any CPU.Build.0 = SIT|Any CPU
		{6AB8E6B0-9E96-4AD0-8695-7E6275068442}.SIT|x64.ActiveCfg = SIT|x64
		{6AB8E6B0-9E96-4AD0-8695-7E6275068442}.SIT|x64.Build.0 = SIT|x64
		{6AB8E6B0-9E96-4AD0-8695-7E6275068442}.SIT|x86.ActiveCfg = SIT|Any CPU
		{EC1E1C9C-FE7D-48F3-B68D-A991D06CAE1A}.Debug|Any CPU.ActiveCfg = Debug|Any CPU
		{EC1E1C9C-FE7D-48F3-B68D-A991D06CAE1A}.Debug|Any CPU.Build.0 = Debug|Any CPU
		{EC1E1C9C-FE7D-48F3-B68D-A991D06CAE1A}.Debug|x64.ActiveCfg = Debug|x64
		{EC1E1C9C-FE7D-48F3-B68D-A991D06CAE1A}.Debug|x64.Build.0 = Debug|x64
		{EC1E1C9C-FE7D-48F3-B68D-A991D06CAE1A}.Debug|x86.ActiveCfg = Debug|Any CPU
		{EC1E1C9C-FE7D-48F3-B68D-A991D06CAE1A}.DMS|Any CPU.ActiveCfg = Debug|Any CPU
		{EC1E1C9C-FE7D-48F3-B68D-A991D06CAE1A}.DMS|Any CPU.Build.0 = Debug|Any CPU
		{EC1E1C9C-FE7D-48F3-B68D-A991D06CAE1A}.DMS|x64.ActiveCfg = Debug|x64
		{EC1E1C9C-FE7D-48F3-B68D-A991D06CAE1A}.DMS|x64.Build.0 = Debug|x64
		{EC1E1C9C-FE7D-48F3-B68D-A991D06CAE1A}.DMS|x86.ActiveCfg = Debug|Any CPU
		{EC1E1C9C-FE7D-48F3-B68D-A991D06CAE1A}.QAStaging|Any CPU.ActiveCfg = QAStaging|Any CPU
		{EC1E1C9C-FE7D-48F3-B68D-A991D06CAE1A}.QAStaging|Any CPU.Build.0 = QAStaging|Any CPU
		{EC1E1C9C-FE7D-48F3-B68D-A991D06CAE1A}.QAStaging|x64.ActiveCfg = QAStaging|x64
		{EC1E1C9C-FE7D-48F3-B68D-A991D06CAE1A}.QAStaging|x64.Build.0 = QAStaging|x64
		{EC1E1C9C-FE7D-48F3-B68D-A991D06CAE1A}.QAStaging|x86.ActiveCfg = Release|Any CPU
		{EC1E1C9C-FE7D-48F3-B68D-A991D06CAE1A}.Release|Any CPU.ActiveCfg = Release|Any CPU
		{EC1E1C9C-FE7D-48F3-B68D-A991D06CAE1A}.Release|Any CPU.Build.0 = Release|Any CPU
		{EC1E1C9C-FE7D-48F3-B68D-A991D06CAE1A}.Release|x64.ActiveCfg = Release|x64
		{EC1E1C9C-FE7D-48F3-B68D-A991D06CAE1A}.Release|x64.Build.0 = Release|x64
		{EC1E1C9C-FE7D-48F3-B68D-A991D06CAE1A}.Release|x86.ActiveCfg = Release|Any CPU
		{EC1E1C9C-FE7D-48F3-B68D-A991D06CAE1A}.SIT|Any CPU.ActiveCfg = SIT|Any CPU
		{EC1E1C9C-FE7D-48F3-B68D-A991D06CAE1A}.SIT|Any CPU.Build.0 = SIT|Any CPU
		{EC1E1C9C-FE7D-48F3-B68D-A991D06CAE1A}.SIT|x64.ActiveCfg = SIT|x64
		{EC1E1C9C-FE7D-48F3-B68D-A991D06CAE1A}.SIT|x64.Build.0 = SIT|x64
		{EC1E1C9C-FE7D-48F3-B68D-A991D06CAE1A}.SIT|x86.ActiveCfg = SIT|Any CPU
		{589BA602-58ED-4864-8E6E-3FEC6BDB3997}.Debug|Any CPU.ActiveCfg = Debug|Any CPU
		{589BA602-58ED-4864-8E6E-3FEC6BDB3997}.Debug|Any CPU.Build.0 = Debug|Any CPU
		{589BA602-58ED-4864-8E6E-3FEC6BDB3997}.Debug|x64.ActiveCfg = Debug|x64
		{589BA602-58ED-4864-8E6E-3FEC6BDB3997}.Debug|x64.Build.0 = Debug|x64
		{589BA602-58ED-4864-8E6E-3FEC6BDB3997}.Debug|x86.ActiveCfg = Debug|Any CPU
		{589BA602-58ED-4864-8E6E-3FEC6BDB3997}.DMS|Any CPU.ActiveCfg = Debug|Any CPU
		{589BA602-58ED-4864-8E6E-3FEC6BDB3997}.DMS|Any CPU.Build.0 = Debug|Any CPU
		{589BA602-58ED-4864-8E6E-3FEC6BDB3997}.DMS|x64.ActiveCfg = Debug|x64
		{589BA602-58ED-4864-8E6E-3FEC6BDB3997}.DMS|x64.Build.0 = Debug|x64
		{589BA602-58ED-4864-8E6E-3FEC6BDB3997}.DMS|x86.ActiveCfg = Debug|Any CPU
		{589BA602-58ED-4864-8E6E-3FEC6BDB3997}.QAStaging|Any CPU.ActiveCfg = QAStaging|Any CPU
		{589BA602-58ED-4864-8E6E-3FEC6BDB3997}.QAStaging|Any CPU.Build.0 = QAStaging|Any CPU
		{589BA602-58ED-4864-8E6E-3FEC6BDB3997}.QAStaging|x64.ActiveCfg = QAStaging|x64
		{589BA602-58ED-4864-8E6E-3FEC6BDB3997}.QAStaging|x64.Build.0 = QAStaging|x64
		{589BA602-58ED-4864-8E6E-3FEC6BDB3997}.QAStaging|x86.ActiveCfg = QAStaging|Any CPU
		{589BA602-58ED-4864-8E6E-3FEC6BDB3997}.Release|Any CPU.ActiveCfg = Release|Any CPU
		{589BA602-58ED-4864-8E6E-3FEC6BDB3997}.Release|Any CPU.Build.0 = Release|Any CPU
		{589BA602-58ED-4864-8E6E-3FEC6BDB3997}.Release|x64.ActiveCfg = Release|x64
		{589BA602-58ED-4864-8E6E-3FEC6BDB3997}.Release|x64.Build.0 = Release|x64
		{589BA602-58ED-4864-8E6E-3FEC6BDB3997}.Release|x86.ActiveCfg = Release|Any CPU
		{589BA602-58ED-4864-8E6E-3FEC6BDB3997}.SIT|Any CPU.ActiveCfg = SIT|Any CPU
		{589BA602-58ED-4864-8E6E-3FEC6BDB3997}.SIT|Any CPU.Build.0 = SIT|Any CPU
		{589BA602-58ED-4864-8E6E-3FEC6BDB3997}.SIT|x64.ActiveCfg = SIT|x64
		{589BA602-58ED-4864-8E6E-3FEC6BDB3997}.SIT|x64.Build.0 = SIT|x64
		{589BA602-58ED-4864-8E6E-3FEC6BDB3997}.SIT|x86.ActiveCfg = SIT|Any CPU
		{FD632563-2DDD-4F75-B312-90D24FA0FB0A}.Debug|Any CPU.ActiveCfg = Debug|Any CPU
		{FD632563-2DDD-4F75-B312-90D24FA0FB0A}.Debug|Any CPU.Build.0 = Debug|Any CPU
		{FD632563-2DDD-4F75-B312-90D24FA0FB0A}.Debug|x64.ActiveCfg = Debug|x64
		{FD632563-2DDD-4F75-B312-90D24FA0FB0A}.Debug|x64.Build.0 = Debug|x64
		{FD632563-2DDD-4F75-B312-90D24FA0FB0A}.Debug|x86.ActiveCfg = Debug|Any CPU
		{FD632563-2DDD-4F75-B312-90D24FA0FB0A}.DMS|Any CPU.ActiveCfg = Debug|Any CPU
		{FD632563-2DDD-4F75-B312-90D24FA0FB0A}.DMS|Any CPU.Build.0 = Debug|Any CPU
		{FD632563-2DDD-4F75-B312-90D24FA0FB0A}.DMS|x64.ActiveCfg = Debug|x64
		{FD632563-2DDD-4F75-B312-90D24FA0FB0A}.DMS|x64.Build.0 = Debug|x64
		{FD632563-2DDD-4F75-B312-90D24FA0FB0A}.DMS|x86.ActiveCfg = Debug|Any CPU
		{FD632563-2DDD-4F75-B312-90D24FA0FB0A}.QAStaging|Any CPU.ActiveCfg = QAStaging|Any CPU
		{FD632563-2DDD-4F75-B312-90D24FA0FB0A}.QAStaging|Any CPU.Build.0 = QAStaging|Any CPU
		{FD632563-2DDD-4F75-B312-90D24FA0FB0A}.QAStaging|x64.ActiveCfg = QAStaging|x64
		{FD632563-2DDD-4F75-B312-90D24FA0FB0A}.QAStaging|x64.Build.0 = QAStaging|x64
		{FD632563-2DDD-4F75-B312-90D24FA0FB0A}.QAStaging|x86.ActiveCfg = Release|Any CPU
		{FD632563-2DDD-4F75-B312-90D24FA0FB0A}.Release|Any CPU.ActiveCfg = Release|Any CPU
		{FD632563-2DDD-4F75-B312-90D24FA0FB0A}.Release|Any CPU.Build.0 = Release|Any CPU
		{FD632563-2DDD-4F75-B312-90D24FA0FB0A}.Release|x64.ActiveCfg = Release|x64
		{FD632563-2DDD-4F75-B312-90D24FA0FB0A}.Release|x64.Build.0 = Release|x64
		{FD632563-2DDD-4F75-B312-90D24FA0FB0A}.Release|x86.ActiveCfg = Release|Any CPU
		{FD632563-2DDD-4F75-B312-90D24FA0FB0A}.SIT|Any CPU.ActiveCfg = SIT|Any CPU
		{FD632563-2DDD-4F75-B312-90D24FA0FB0A}.SIT|Any CPU.Build.0 = SIT|Any CPU
		{FD632563-2DDD-4F75-B312-90D24FA0FB0A}.SIT|x64.ActiveCfg = SIT|x64
		{FD632563-2DDD-4F75-B312-90D24FA0FB0A}.SIT|x64.Build.0 = SIT|x64
		{FD632563-2DDD-4F75-B312-90D24FA0FB0A}.SIT|x86.ActiveCfg = SIT|Any CPU
		{26B8EFAA-C0AF-4D15-8A89-6E85C88CDF09}.Debug|Any CPU.ActiveCfg = Debug|Any CPU
		{26B8EFAA-C0AF-4D15-8A89-6E85C88CDF09}.Debug|Any CPU.Build.0 = Debug|Any CPU
		{26B8EFAA-C0AF-4D15-8A89-6E85C88CDF09}.Debug|x64.ActiveCfg = Debug|x64
		{26B8EFAA-C0AF-4D15-8A89-6E85C88CDF09}.Debug|x64.Build.0 = Debug|x64
		{26B8EFAA-C0AF-4D15-8A89-6E85C88CDF09}.Debug|x86.ActiveCfg = Debug|Any CPU
		{26B8EFAA-C0AF-4D15-8A89-6E85C88CDF09}.DMS|Any CPU.ActiveCfg = Debug|Any CPU
		{26B8EFAA-C0AF-4D15-8A89-6E85C88CDF09}.DMS|Any CPU.Build.0 = Debug|Any CPU
		{26B8EFAA-C0AF-4D15-8A89-6E85C88CDF09}.DMS|x64.ActiveCfg = Debug|x64
		{26B8EFAA-C0AF-4D15-8A89-6E85C88CDF09}.DMS|x64.Build.0 = Debug|x64
		{26B8EFAA-C0AF-4D15-8A89-6E85C88CDF09}.DMS|x86.ActiveCfg = Debug|Any CPU
		{26B8EFAA-C0AF-4D15-8A89-6E85C88CDF09}.QAStaging|Any CPU.ActiveCfg = QAStaging|Any CPU
		{26B8EFAA-C0AF-4D15-8A89-6E85C88CDF09}.QAStaging|Any CPU.Build.0 = QAStaging|Any CPU
		{26B8EFAA-C0AF-4D15-8A89-6E85C88CDF09}.QAStaging|x64.ActiveCfg = QAStaging|x64
		{26B8EFAA-C0AF-4D15-8A89-6E85C88CDF09}.QAStaging|x64.Build.0 = QAStaging|x64
		{26B8EFAA-C0AF-4D15-8A89-6E85C88CDF09}.QAStaging|x86.ActiveCfg = Release|Any CPU
		{26B8EFAA-C0AF-4D15-8A89-6E85C88CDF09}.Release|Any CPU.ActiveCfg = Release|Any CPU
		{26B8EFAA-C0AF-4D15-8A89-6E85C88CDF09}.Release|Any CPU.Build.0 = Release|Any CPU
		{26B8EFAA-C0AF-4D15-8A89-6E85C88CDF09}.Release|x64.ActiveCfg = Release|x64
		{26B8EFAA-C0AF-4D15-8A89-6E85C88CDF09}.Release|x64.Build.0 = Release|x64
		{26B8EFAA-C0AF-4D15-8A89-6E85C88CDF09}.Release|x86.ActiveCfg = Release|Any CPU
		{26B8EFAA-C0AF-4D15-8A89-6E85C88CDF09}.SIT|Any CPU.ActiveCfg = SIT|Any CPU
		{26B8EFAA-C0AF-4D15-8A89-6E85C88CDF09}.SIT|Any CPU.Build.0 = SIT|Any CPU
		{26B8EFAA-C0AF-4D15-8A89-6E85C88CDF09}.SIT|x64.ActiveCfg = SIT|x64
		{26B8EFAA-C0AF-4D15-8A89-6E85C88CDF09}.SIT|x64.Build.0 = SIT|x64
		{26B8EFAA-C0AF-4D15-8A89-6E85C88CDF09}.SIT|x86.ActiveCfg = SIT|Any CPU
		{DB86C1EB-E879-4707-9DD9-A72D718DB3E7}.Debug|Any CPU.ActiveCfg = Debug|Any CPU
		{DB86C1EB-E879-4707-9DD9-A72D718DB3E7}.Debug|Any CPU.Build.0 = Debug|Any CPU
		{DB86C1EB-E879-4707-9DD9-A72D718DB3E7}.Debug|x64.ActiveCfg = Debug|x64
		{DB86C1EB-E879-4707-9DD9-A72D718DB3E7}.Debug|x64.Build.0 = Debug|x64
		{DB86C1EB-E879-4707-9DD9-A72D718DB3E7}.Debug|x86.ActiveCfg = Debug|Any CPU
		{DB86C1EB-E879-4707-9DD9-A72D718DB3E7}.DMS|Any CPU.ActiveCfg = Debug|Any CPU
		{DB86C1EB-E879-4707-9DD9-A72D718DB3E7}.DMS|Any CPU.Build.0 = Debug|Any CPU
		{DB86C1EB-E879-4707-9DD9-A72D718DB3E7}.DMS|x64.ActiveCfg = Debug|x64
		{DB86C1EB-E879-4707-9DD9-A72D718DB3E7}.DMS|x64.Build.0 = Debug|x64
		{DB86C1EB-E879-4707-9DD9-A72D718DB3E7}.DMS|x86.ActiveCfg = Debug|Any CPU
		{DB86C1EB-E879-4707-9DD9-A72D718DB3E7}.QAStaging|Any CPU.ActiveCfg = QAStaging|Any CPU
		{DB86C1EB-E879-4707-9DD9-A72D718DB3E7}.QAStaging|Any CPU.Build.0 = QAStaging|Any CPU
		{DB86C1EB-E879-4707-9DD9-A72D718DB3E7}.QAStaging|x64.ActiveCfg = QAStaging|x64
		{DB86C1EB-E879-4707-9DD9-A72D718DB3E7}.QAStaging|x64.Build.0 = QAStaging|x64
		{DB86C1EB-E879-4707-9DD9-A72D718DB3E7}.QAStaging|x86.ActiveCfg = Release|Any CPU
		{DB86C1EB-E879-4707-9DD9-A72D718DB3E7}.Release|Any CPU.ActiveCfg = Release|Any CPU
		{DB86C1EB-E879-4707-9DD9-A72D718DB3E7}.Release|Any CPU.Build.0 = Release|Any CPU
		{DB86C1EB-E879-4707-9DD9-A72D718DB3E7}.Release|x64.ActiveCfg = Release|x64
		{DB86C1EB-E879-4707-9DD9-A72D718DB3E7}.Release|x64.Build.0 = Release|x64
		{DB86C1EB-E879-4707-9DD9-A72D718DB3E7}.Release|x86.ActiveCfg = Release|Any CPU
		{DB86C1EB-E879-4707-9DD9-A72D718DB3E7}.SIT|Any CPU.ActiveCfg = SIT|Any CPU
		{DB86C1EB-E879-4707-9DD9-A72D718DB3E7}.SIT|Any CPU.Build.0 = SIT|Any CPU
		{DB86C1EB-E879-4707-9DD9-A72D718DB3E7}.SIT|x64.ActiveCfg = SIT|x64
		{DB86C1EB-E879-4707-9DD9-A72D718DB3E7}.SIT|x64.Build.0 = SIT|x64
		{DB86C1EB-E879-4707-9DD9-A72D718DB3E7}.SIT|x86.ActiveCfg = SIT|Any CPU
		{D8809551-AC88-44A1-8E44-3DD55BA602ED}.Debug|Any CPU.ActiveCfg = Debug|Any CPU
		{D8809551-AC88-44A1-8E44-3DD55BA602ED}.Debug|Any CPU.Build.0 = Debug|Any CPU
		{D8809551-AC88-44A1-8E44-3DD55BA602ED}.Debug|x64.ActiveCfg = Debug|x64
		{D8809551-AC88-44A1-8E44-3DD55BA602ED}.Debug|x64.Build.0 = Debug|x64
		{D8809551-AC88-44A1-8E44-3DD55BA602ED}.Debug|x86.ActiveCfg = Debug|Any CPU
		{D8809551-AC88-44A1-8E44-3DD55BA602ED}.DMS|Any CPU.ActiveCfg = Debug|Any CPU
		{D8809551-AC88-44A1-8E44-3DD55BA602ED}.DMS|Any CPU.Build.0 = Debug|Any CPU
		{D8809551-AC88-44A1-8E44-3DD55BA602ED}.DMS|x64.ActiveCfg = Debug|x64
		{D8809551-AC88-44A1-8E44-3DD55BA602ED}.DMS|x64.Build.0 = Debug|x64
		{D8809551-AC88-44A1-8E44-3DD55BA602ED}.DMS|x86.ActiveCfg = Debug|Any CPU
		{D8809551-AC88-44A1-8E44-3DD55BA602ED}.QAStaging|Any CPU.ActiveCfg = QAStaging|Any CPU
		{D8809551-AC88-44A1-8E44-3DD55BA602ED}.QAStaging|Any CPU.Build.0 = QAStaging|Any CPU
		{D8809551-AC88-44A1-8E44-3DD55BA602ED}.QAStaging|x64.ActiveCfg = QAStaging|x64
		{D8809551-AC88-44A1-8E44-3DD55BA602ED}.QAStaging|x64.Build.0 = QAStaging|x64
		{D8809551-AC88-44A1-8E44-3DD55BA602ED}.QAStaging|x86.ActiveCfg = Release|Any CPU
		{D8809551-AC88-44A1-8E44-3DD55BA602ED}.Release|Any CPU.ActiveCfg = Release|Any CPU
		{D8809551-AC88-44A1-8E44-3DD55BA602ED}.Release|Any CPU.Build.0 = Release|Any CPU
		{D8809551-AC88-44A1-8E44-3DD55BA602ED}.Release|x64.ActiveCfg = Release|x64
		{D8809551-AC88-44A1-8E44-3DD55BA602ED}.Release|x64.Build.0 = Release|x64
		{D8809551-AC88-44A1-8E44-3DD55BA602ED}.Release|x86.ActiveCfg = Release|Any CPU
		{D8809551-AC88-44A1-8E44-3DD55BA602ED}.SIT|Any CPU.ActiveCfg = SIT|Any CPU
		{D8809551-AC88-44A1-8E44-3DD55BA602ED}.SIT|Any CPU.Build.0 = SIT|Any CPU
		{D8809551-AC88-44A1-8E44-3DD55BA602ED}.SIT|x64.ActiveCfg = SIT|x64
		{D8809551-AC88-44A1-8E44-3DD55BA602ED}.SIT|x64.Build.0 = SIT|x64
		{D8809551-AC88-44A1-8E44-3DD55BA602ED}.SIT|x86.ActiveCfg = SIT|Any CPU
		{AB626091-C68C-4A5E-931C-7835E43F1833}.Debug|Any CPU.ActiveCfg = Debug|Any CPU
		{AB626091-C68C-4A5E-931C-7835E43F1833}.Debug|Any CPU.Build.0 = Debug|Any CPU
		{AB626091-C68C-4A5E-931C-7835E43F1833}.Debug|x64.ActiveCfg = Debug|x64
		{AB626091-C68C-4A5E-931C-7835E43F1833}.Debug|x64.Build.0 = Debug|x64
		{AB626091-C68C-4A5E-931C-7835E43F1833}.Debug|x86.ActiveCfg = Debug|Any CPU
		{AB626091-C68C-4A5E-931C-7835E43F1833}.DMS|Any CPU.ActiveCfg = Debug|Any CPU
		{AB626091-C68C-4A5E-931C-7835E43F1833}.DMS|Any CPU.Build.0 = Debug|Any CPU
		{AB626091-C68C-4A5E-931C-7835E43F1833}.DMS|x64.ActiveCfg = Debug|x64
		{AB626091-C68C-4A5E-931C-7835E43F1833}.DMS|x64.Build.0 = Debug|x64
		{AB626091-C68C-4A5E-931C-7835E43F1833}.DMS|x86.ActiveCfg = Debug|Any CPU
		{AB626091-C68C-4A5E-931C-7835E43F1833}.QAStaging|Any CPU.ActiveCfg = QAStaging|Any CPU
		{AB626091-C68C-4A5E-931C-7835E43F1833}.QAStaging|Any CPU.Build.0 = QAStaging|Any CPU
		{AB626091-C68C-4A5E-931C-7835E43F1833}.QAStaging|x64.ActiveCfg = QAStaging|x64
		{AB626091-C68C-4A5E-931C-7835E43F1833}.QAStaging|x64.Build.0 = QAStaging|x64
		{AB626091-C68C-4A5E-931C-7835E43F1833}.QAStaging|x86.ActiveCfg = QAStaging|Any CPU
		{AB626091-C68C-4A5E-931C-7835E43F1833}.Release|Any CPU.ActiveCfg = Release|Any CPU
		{AB626091-C68C-4A5E-931C-7835E43F1833}.Release|Any CPU.Build.0 = Release|Any CPU
		{AB626091-C68C-4A5E-931C-7835E43F1833}.Release|x64.ActiveCfg = Release|x64
		{AB626091-C68C-4A5E-931C-7835E43F1833}.Release|x64.Build.0 = Release|x64
		{AB626091-C68C-4A5E-931C-7835E43F1833}.Release|x86.ActiveCfg = Release|Any CPU
		{AB626091-C68C-4A5E-931C-7835E43F1833}.SIT|Any CPU.ActiveCfg = SIT|Any CPU
		{AB626091-C68C-4A5E-931C-7835E43F1833}.SIT|Any CPU.Build.0 = SIT|Any CPU
		{AB626091-C68C-4A5E-931C-7835E43F1833}.SIT|x64.ActiveCfg = SIT|x64
		{AB626091-C68C-4A5E-931C-7835E43F1833}.SIT|x64.Build.0 = SIT|x64
		{AB626091-C68C-4A5E-931C-7835E43F1833}.SIT|x86.ActiveCfg = SIT|Any CPU
		{9C0B0C96-9443-4902-AE3A-8C02EE54F5FF}.Debug|Any CPU.ActiveCfg = Debug|Any CPU
		{9C0B0C96-9443-4902-AE3A-8C02EE54F5FF}.Debug|Any CPU.Build.0 = Debug|Any CPU
		{9C0B0C96-9443-4902-AE3A-8C02EE54F5FF}.Debug|x64.ActiveCfg = Debug|x64
		{9C0B0C96-9443-4902-AE3A-8C02EE54F5FF}.Debug|x64.Build.0 = Debug|x64
		{9C0B0C96-9443-4902-AE3A-8C02EE54F5FF}.Debug|x86.ActiveCfg = Debug|Any CPU
		{9C0B0C96-9443-4902-AE3A-8C02EE54F5FF}.DMS|Any CPU.ActiveCfg = DMS|Any CPU
		{9C0B0C96-9443-4902-AE3A-8C02EE54F5FF}.DMS|Any CPU.Build.0 = DMS|Any CPU
		{9C0B0C96-9443-4902-AE3A-8C02EE54F5FF}.DMS|x64.ActiveCfg = DMS|x64
		{9C0B0C96-9443-4902-AE3A-8C02EE54F5FF}.DMS|x64.Build.0 = DMS|x64
		{9C0B0C96-9443-4902-AE3A-8C02EE54F5FF}.DMS|x86.ActiveCfg = DMS|x86
		{9C0B0C96-9443-4902-AE3A-8C02EE54F5FF}.DMS|x86.Build.0 = DMS|x86
		{9C0B0C96-9443-4902-AE3A-8C02EE54F5FF}.QAStaging|Any CPU.ActiveCfg = QAStaging|Any CPU
		{9C0B0C96-9443-4902-AE3A-8C02EE54F5FF}.QAStaging|Any CPU.Build.0 = QAStaging|Any CPU
		{9C0B0C96-9443-4902-AE3A-8C02EE54F5FF}.QAStaging|x64.ActiveCfg = QAStaging|x64
		{9C0B0C96-9443-4902-AE3A-8C02EE54F5FF}.QAStaging|x64.Build.0 = QAStaging|x64
		{9C0B0C96-9443-4902-AE3A-8C02EE54F5FF}.QAStaging|x86.ActiveCfg = Release|Any CPU
		{9C0B0C96-9443-4902-AE3A-8C02EE54F5FF}.Release|Any CPU.ActiveCfg = Release|Any CPU
		{9C0B0C96-9443-4902-AE3A-8C02EE54F5FF}.Release|Any CPU.Build.0 = Release|Any CPU
		{9C0B0C96-9443-4902-AE3A-8C02EE54F5FF}.Release|x64.ActiveCfg = Release|x64
		{9C0B0C96-9443-4902-AE3A-8C02EE54F5FF}.Release|x64.Build.0 = Release|x64
		{9C0B0C96-9443-4902-AE3A-8C02EE54F5FF}.Release|x86.ActiveCfg = Release|Any CPU
		{9C0B0C96-9443-4902-AE3A-8C02EE54F5FF}.SIT|Any CPU.ActiveCfg = SIT|Any CPU
		{9C0B0C96-9443-4902-AE3A-8C02EE54F5FF}.SIT|Any CPU.Build.0 = SIT|Any CPU
		{9C0B0C96-9443-4902-AE3A-8C02EE54F5FF}.SIT|x64.ActiveCfg = SIT|x64
		{9C0B0C96-9443-4902-AE3A-8C02EE54F5FF}.SIT|x64.Build.0 = SIT|x64
		{9C0B0C96-9443-4902-AE3A-8C02EE54F5FF}.SIT|x86.ActiveCfg = SIT|x86
		{9C0B0C96-9443-4902-AE3A-8C02EE54F5FF}.SIT|x86.Build.0 = SIT|x86
		{88BF0ED7-1491-4582-993F-80494EF9DE0E}.Debug|Any CPU.ActiveCfg = Debug|Any CPU
		{88BF0ED7-1491-4582-993F-80494EF9DE0E}.Debug|Any CPU.Build.0 = Debug|Any CPU
		{88BF0ED7-1491-4582-993F-80494EF9DE0E}.Debug|x64.ActiveCfg = Debug|x64
		{88BF0ED7-1491-4582-993F-80494EF9DE0E}.Debug|x64.Build.0 = Debug|x64
		{88BF0ED7-1491-4582-993F-80494EF9DE0E}.Debug|x86.ActiveCfg = Debug|Any CPU
		{88BF0ED7-1491-4582-993F-80494EF9DE0E}.DMS|Any CPU.ActiveCfg = DMS|Any CPU
		{88BF0ED7-1491-4582-993F-80494EF9DE0E}.DMS|Any CPU.Build.0 = DMS|Any CPU
		{88BF0ED7-1491-4582-993F-80494EF9DE0E}.DMS|x64.ActiveCfg = DMS|x64
		{88BF0ED7-1491-4582-993F-80494EF9DE0E}.DMS|x64.Build.0 = DMS|x64
		{88BF0ED7-1491-4582-993F-80494EF9DE0E}.DMS|x86.ActiveCfg = DMS|Any CPU
		{88BF0ED7-1491-4582-993F-80494EF9DE0E}.QAStaging|Any CPU.ActiveCfg = QAStaging|Any CPU
		{88BF0ED7-1491-4582-993F-80494EF9DE0E}.QAStaging|Any CPU.Build.0 = QAStaging|Any CPU
		{88BF0ED7-1491-4582-993F-80494EF9DE0E}.QAStaging|x64.ActiveCfg = QAStaging|x64
		{88BF0ED7-1491-4582-993F-80494EF9DE0E}.QAStaging|x64.Build.0 = QAStaging|x64
		{88BF0ED7-1491-4582-993F-80494EF9DE0E}.QAStaging|x86.ActiveCfg = QAStaging|Any CPU
		{88BF0ED7-1491-4582-993F-80494EF9DE0E}.Release|Any CPU.ActiveCfg = Release|Any CPU
		{88BF0ED7-1491-4582-993F-80494EF9DE0E}.Release|Any CPU.Build.0 = Release|Any CPU
		{88BF0ED7-1491-4582-993F-80494EF9DE0E}.Release|x64.ActiveCfg = Release|x64
		{88BF0ED7-1491-4582-993F-80494EF9DE0E}.Release|x64.Build.0 = Release|x64
		{88BF0ED7-1491-4582-993F-80494EF9DE0E}.Release|x86.ActiveCfg = Release|Any CPU
		{88BF0ED7-1491-4582-993F-80494EF9DE0E}.SIT|Any CPU.ActiveCfg = SIT|Any CPU
		{88BF0ED7-1491-4582-993F-80494EF9DE0E}.SIT|Any CPU.Build.0 = SIT|Any CPU
		{88BF0ED7-1491-4582-993F-80494EF9DE0E}.SIT|x64.ActiveCfg = SIT|x64
		{88BF0ED7-1491-4582-993F-80494EF9DE0E}.SIT|x64.Build.0 = SIT|x64
		{88BF0ED7-1491-4582-993F-80494EF9DE0E}.SIT|x86.ActiveCfg = SIT|Any CPU
		{C227BF0D-99BE-490E-B334-C4E9DEAB12B7}.Debug|Any CPU.ActiveCfg = Debug|Any CPU
		{C227BF0D-99BE-490E-B334-C4E9DEAB12B7}.Debug|Any CPU.Build.0 = Debug|Any CPU
		{C227BF0D-99BE-490E-B334-C4E9DEAB12B7}.Debug|x64.ActiveCfg = Debug|x64
		{C227BF0D-99BE-490E-B334-C4E9DEAB12B7}.Debug|x64.Build.0 = Debug|x64
		{C227BF0D-99BE-490E-B334-C4E9DEAB12B7}.Debug|x86.ActiveCfg = Debug|Any CPU
		{C227BF0D-99BE-490E-B334-C4E9DEAB12B7}.DMS|Any CPU.ActiveCfg = DMS|Any CPU
		{C227BF0D-99BE-490E-B334-C4E9DEAB12B7}.DMS|Any CPU.Build.0 = DMS|Any CPU
		{C227BF0D-99BE-490E-B334-C4E9DEAB12B7}.DMS|x64.ActiveCfg = DMS|x64
		{C227BF0D-99BE-490E-B334-C4E9DEAB12B7}.DMS|x64.Build.0 = DMS|x64
		{C227BF0D-99BE-490E-B334-C4E9DEAB12B7}.DMS|x86.ActiveCfg = DMS|Any CPU
		{C227BF0D-99BE-490E-B334-C4E9DEAB12B7}.QAStaging|Any CPU.ActiveCfg = QAStaging|Any CPU
		{C227BF0D-99BE-490E-B334-C4E9DEAB12B7}.QAStaging|Any CPU.Build.0 = QAStaging|Any CPU
		{C227BF0D-99BE-490E-B334-C4E9DEAB12B7}.QAStaging|x64.ActiveCfg = QAStaging|x64
		{C227BF0D-99BE-490E-B334-C4E9DEAB12B7}.QAStaging|x64.Build.0 = QAStaging|x64
		{C227BF0D-99BE-490E-B334-C4E9DEAB12B7}.QAStaging|x86.ActiveCfg = QAStaging|Any CPU
		{C227BF0D-99BE-490E-B334-C4E9DEAB12B7}.Release|Any CPU.ActiveCfg = Release|Any CPU
		{C227BF0D-99BE-490E-B334-C4E9DEAB12B7}.Release|Any CPU.Build.0 = Release|Any CPU
		{C227BF0D-99BE-490E-B334-C4E9DEAB12B7}.Release|x64.ActiveCfg = Release|x64
		{C227BF0D-99BE-490E-B334-C4E9DEAB12B7}.Release|x64.Build.0 = Release|x64
		{C227BF0D-99BE-490E-B334-C4E9DEAB12B7}.Release|x86.ActiveCfg = Release|Any CPU
		{C227BF0D-99BE-490E-B334-C4E9DEAB12B7}.SIT|Any CPU.ActiveCfg = SIT|Any CPU
		{C227BF0D-99BE-490E-B334-C4E9DEAB12B7}.SIT|Any CPU.Build.0 = SIT|Any CPU
		{C227BF0D-99BE-490E-B334-C4E9DEAB12B7}.SIT|x64.ActiveCfg = SIT|x64
		{C227BF0D-99BE-490E-B334-C4E9DEAB12B7}.SIT|x64.Build.0 = SIT|x64
		{C227BF0D-99BE-490E-B334-C4E9DEAB12B7}.SIT|x86.ActiveCfg = SIT|Any CPU
		{AAF14D2B-D538-450F-9C73-988CAFC4DC9A}.Debug|Any CPU.ActiveCfg = Debug|Any CPU
		{AAF14D2B-D538-450F-9C73-988CAFC4DC9A}.Debug|Any CPU.Build.0 = Debug|Any CPU
		{AAF14D2B-D538-450F-9C73-988CAFC4DC9A}.Debug|x64.ActiveCfg = Debug|x64
		{AAF14D2B-D538-450F-9C73-988CAFC4DC9A}.Debug|x64.Build.0 = Debug|x64
		{AAF14D2B-D538-450F-9C73-988CAFC4DC9A}.Debug|x86.ActiveCfg = Debug|Any CPU
		{AAF14D2B-D538-450F-9C73-988CAFC4DC9A}.DMS|Any CPU.ActiveCfg = DMS|Any CPU
		{AAF14D2B-D538-450F-9C73-988CAFC4DC9A}.DMS|Any CPU.Build.0 = DMS|Any CPU
		{AAF14D2B-D538-450F-9C73-988CAFC4DC9A}.DMS|x64.ActiveCfg = DMS|x64
		{AAF14D2B-D538-450F-9C73-988CAFC4DC9A}.DMS|x64.Build.0 = DMS|x64
		{AAF14D2B-D538-450F-9C73-988CAFC4DC9A}.DMS|x86.ActiveCfg = DMS|Any CPU
		{AAF14D2B-D538-450F-9C73-988CAFC4DC9A}.QAStaging|Any CPU.ActiveCfg = QAStaging|Any CPU
		{AAF14D2B-D538-450F-9C73-988CAFC4DC9A}.QAStaging|Any CPU.Build.0 = QAStaging|Any CPU
		{AAF14D2B-D538-450F-9C73-988CAFC4DC9A}.QAStaging|x64.ActiveCfg = QAStaging|x64
		{AAF14D2B-D538-450F-9C73-988CAFC4DC9A}.QAStaging|x64.Build.0 = QAStaging|x64
		{AAF14D2B-D538-450F-9C73-988CAFC4DC9A}.QAStaging|x86.ActiveCfg = QAStaging|Any CPU
		{AAF14D2B-D538-450F-9C73-988CAFC4DC9A}.Release|Any CPU.ActiveCfg = Release|Any CPU
		{AAF14D2B-D538-450F-9C73-988CAFC4DC9A}.Release|Any CPU.Build.0 = Release|Any CPU
		{AAF14D2B-D538-450F-9C73-988CAFC4DC9A}.Release|x64.ActiveCfg = Release|x64
		{AAF14D2B-D538-450F-9C73-988CAFC4DC9A}.Release|x64.Build.0 = Release|x64
		{AAF14D2B-D538-450F-9C73-988CAFC4DC9A}.Release|x86.ActiveCfg = Release|Any CPU
		{AAF14D2B-D538-450F-9C73-988CAFC4DC9A}.SIT|Any CPU.ActiveCfg = SIT|Any CPU
		{AAF14D2B-D538-450F-9C73-988CAFC4DC9A}.SIT|Any CPU.Build.0 = SIT|Any CPU
		{AAF14D2B-D538-450F-9C73-988CAFC4DC9A}.SIT|x64.ActiveCfg = SIT|x64
		{AAF14D2B-D538-450F-9C73-988CAFC4DC9A}.SIT|x64.Build.0 = SIT|x64
		{AAF14D2B-D538-450F-9C73-988CAFC4DC9A}.SIT|x86.ActiveCfg = SIT|Any CPU
		{BDA6354B-FD81-4566-A335-55AF3BBEA64A}.Debug|Any CPU.ActiveCfg = Debug|Any CPU
		{BDA6354B-FD81-4566-A335-55AF3BBEA64A}.Debug|Any CPU.Build.0 = Debug|Any CPU
		{BDA6354B-FD81-4566-A335-55AF3BBEA64A}.Debug|x64.ActiveCfg = Debug|x64
		{BDA6354B-FD81-4566-A335-55AF3BBEA64A}.Debug|x64.Build.0 = Debug|x64
		{BDA6354B-FD81-4566-A335-55AF3BBEA64A}.Debug|x86.ActiveCfg = Debug|Any CPU
		{BDA6354B-FD81-4566-A335-55AF3BBEA64A}.DMS|Any CPU.ActiveCfg = DMS|Any CPU
		{BDA6354B-FD81-4566-A335-55AF3BBEA64A}.DMS|Any CPU.Build.0 = DMS|Any CPU
		{BDA6354B-FD81-4566-A335-55AF3BBEA64A}.DMS|x64.ActiveCfg = DMS|x64
		{BDA6354B-FD81-4566-A335-55AF3BBEA64A}.DMS|x64.Build.0 = DMS|x64
		{BDA6354B-FD81-4566-A335-55AF3BBEA64A}.DMS|x86.ActiveCfg = DMS|Any CPU
		{BDA6354B-FD81-4566-A335-55AF3BBEA64A}.QAStaging|Any CPU.ActiveCfg = QAStaging|Any CPU
		{BDA6354B-FD81-4566-A335-55AF3BBEA64A}.QAStaging|Any CPU.Build.0 = QAStaging|Any CPU
		{BDA6354B-FD81-4566-A335-55AF3BBEA64A}.QAStaging|x64.ActiveCfg = QAStaging|x64
		{BDA6354B-FD81-4566-A335-55AF3BBEA64A}.QAStaging|x64.Build.0 = QAStaging|x64
		{BDA6354B-FD81-4566-A335-55AF3BBEA64A}.QAStaging|x86.ActiveCfg = QAStaging|Any CPU
		{BDA6354B-FD81-4566-A335-55AF3BBEA64A}.Release|Any CPU.ActiveCfg = Release|Any CPU
		{BDA6354B-FD81-4566-A335-55AF3BBEA64A}.Release|Any CPU.Build.0 = Release|Any CPU
		{BDA6354B-FD81-4566-A335-55AF3BBEA64A}.Release|x64.ActiveCfg = Release|x64
		{BDA6354B-FD81-4566-A335-55AF3BBEA64A}.Release|x64.Build.0 = Release|x64
		{BDA6354B-FD81-4566-A335-55AF3BBEA64A}.Release|x86.ActiveCfg = Release|Any CPU
		{BDA6354B-FD81-4566-A335-55AF3BBEA64A}.SIT|Any CPU.ActiveCfg = SIT|Any CPU
		{BDA6354B-FD81-4566-A335-55AF3BBEA64A}.SIT|Any CPU.Build.0 = SIT|Any CPU
		{BDA6354B-FD81-4566-A335-55AF3BBEA64A}.SIT|x64.ActiveCfg = SIT|x64
		{BDA6354B-FD81-4566-A335-55AF3BBEA64A}.SIT|x64.Build.0 = SIT|x64
		{BDA6354B-FD81-4566-A335-55AF3BBEA64A}.SIT|x86.ActiveCfg = SIT|Any CPU
		{EF5C4F29-D8AE-4BFF-86A6-31666CB3837E}.Debug|Any CPU.ActiveCfg = Debug|Any CPU
		{EF5C4F29-D8AE-4BFF-86A6-31666CB3837E}.Debug|Any CPU.Build.0 = Debug|Any CPU
		{EF5C4F29-D8AE-4BFF-86A6-31666CB3837E}.Debug|x64.ActiveCfg = Debug|x64
		{EF5C4F29-D8AE-4BFF-86A6-31666CB3837E}.Debug|x64.Build.0 = Debug|x64
		{EF5C4F29-D8AE-4BFF-86A6-31666CB3837E}.Debug|x86.ActiveCfg = Debug|Any CPU
		{EF5C4F29-D8AE-4BFF-86A6-31666CB3837E}.DMS|Any CPU.ActiveCfg = DMS|Any CPU
		{EF5C4F29-D8AE-4BFF-86A6-31666CB3837E}.DMS|Any CPU.Build.0 = DMS|Any CPU
		{EF5C4F29-D8AE-4BFF-86A6-31666CB3837E}.DMS|x64.ActiveCfg = DMS|x64
		{EF5C4F29-D8AE-4BFF-86A6-31666CB3837E}.DMS|x64.Build.0 = DMS|x64
		{EF5C4F29-D8AE-4BFF-86A6-31666CB3837E}.DMS|x86.ActiveCfg = DMS|Any CPU
		{EF5C4F29-D8AE-4BFF-86A6-31666CB3837E}.QAStaging|Any CPU.ActiveCfg = QAStaging|Any CPU
		{EF5C4F29-D8AE-4BFF-86A6-31666CB3837E}.QAStaging|Any CPU.Build.0 = QAStaging|Any CPU
		{EF5C4F29-D8AE-4BFF-86A6-31666CB3837E}.QAStaging|x64.ActiveCfg = QAStaging|x64
		{EF5C4F29-D8AE-4BFF-86A6-31666CB3837E}.QAStaging|x64.Build.0 = QAStaging|x64
		{EF5C4F29-D8AE-4BFF-86A6-31666CB3837E}.QAStaging|x86.ActiveCfg = QAStaging|Any CPU
		{EF5C4F29-D8AE-4BFF-86A6-31666CB3837E}.Release|Any CPU.ActiveCfg = Release|Any CPU
		{EF5C4F29-D8AE-4BFF-86A6-31666CB3837E}.Release|Any CPU.Build.0 = Release|Any CPU
		{EF5C4F29-D8AE-4BFF-86A6-31666CB3837E}.Release|x64.ActiveCfg = Release|x64
		{EF5C4F29-D8AE-4BFF-86A6-31666CB3837E}.Release|x64.Build.0 = Release|x64
		{EF5C4F29-D8AE-4BFF-86A6-31666CB3837E}.Release|x86.ActiveCfg = Release|Any CPU
		{EF5C4F29-D8AE-4BFF-86A6-31666CB3837E}.SIT|Any CPU.ActiveCfg = SIT|Any CPU
		{EF5C4F29-D8AE-4BFF-86A6-31666CB3837E}.SIT|Any CPU.Build.0 = SIT|Any CPU
		{EF5C4F29-D8AE-4BFF-86A6-31666CB3837E}.SIT|x64.ActiveCfg = SIT|x64
		{EF5C4F29-D8AE-4BFF-86A6-31666CB3837E}.SIT|x64.Build.0 = SIT|x64
		{EF5C4F29-D8AE-4BFF-86A6-31666CB3837E}.SIT|x86.ActiveCfg = SIT|Any CPU
		{D558BC8F-0540-4838-B8E1-3B2BD0253A48}.Debug|Any CPU.ActiveCfg = Debug|Any CPU
		{D558BC8F-0540-4838-B8E1-3B2BD0253A48}.Debug|Any CPU.Build.0 = Debug|Any CPU
		{D558BC8F-0540-4838-B8E1-3B2BD0253A48}.Debug|x64.ActiveCfg = Debug|x64
		{D558BC8F-0540-4838-B8E1-3B2BD0253A48}.Debug|x64.Build.0 = Debug|x64
		{D558BC8F-0540-4838-B8E1-3B2BD0253A48}.Debug|x86.ActiveCfg = Debug|Any CPU
		{D558BC8F-0540-4838-B8E1-3B2BD0253A48}.DMS|Any CPU.ActiveCfg = DMS|Any CPU
		{D558BC8F-0540-4838-B8E1-3B2BD0253A48}.DMS|Any CPU.Build.0 = DMS|Any CPU
		{D558BC8F-0540-4838-B8E1-3B2BD0253A48}.DMS|x64.ActiveCfg = DMS|x64
		{D558BC8F-0540-4838-B8E1-3B2BD0253A48}.DMS|x64.Build.0 = DMS|x64
		{D558BC8F-0540-4838-B8E1-3B2BD0253A48}.DMS|x86.ActiveCfg = DMS|Any CPU
		{D558BC8F-0540-4838-B8E1-3B2BD0253A48}.QAStaging|Any CPU.ActiveCfg = QAStaging|Any CPU
		{D558BC8F-0540-4838-B8E1-3B2BD0253A48}.QAStaging|Any CPU.Build.0 = QAStaging|Any CPU
		{D558BC8F-0540-4838-B8E1-3B2BD0253A48}.QAStaging|x64.ActiveCfg = QAStaging|x64
		{D558BC8F-0540-4838-B8E1-3B2BD0253A48}.QAStaging|x64.Build.0 = QAStaging|x64
		{D558BC8F-0540-4838-B8E1-3B2BD0253A48}.QAStaging|x86.ActiveCfg = QAStaging|Any CPU
		{D558BC8F-0540-4838-B8E1-3B2BD0253A48}.Release|Any CPU.ActiveCfg = Release|Any CPU
		{D558BC8F-0540-4838-B8E1-3B2BD0253A48}.Release|Any CPU.Build.0 = Release|Any CPU
		{D558BC8F-0540-4838-B8E1-3B2BD0253A48}.Release|x64.ActiveCfg = Release|x64
		{D558BC8F-0540-4838-B8E1-3B2BD0253A48}.Release|x64.Build.0 = Release|x64
		{D558BC8F-0540-4838-B8E1-3B2BD0253A48}.Release|x86.ActiveCfg = Release|Any CPU
		{D558BC8F-0540-4838-B8E1-3B2BD0253A48}.SIT|Any CPU.ActiveCfg = SIT|Any CPU
		{D558BC8F-0540-4838-B8E1-3B2BD0253A48}.SIT|Any CPU.Build.0 = SIT|Any CPU
		{D558BC8F-0540-4838-B8E1-3B2BD0253A48}.SIT|x64.ActiveCfg = SIT|x64
		{D558BC8F-0540-4838-B8E1-3B2BD0253A48}.SIT|x64.Build.0 = SIT|x64
		{D558BC8F-0540-4838-B8E1-3B2BD0253A48}.SIT|x86.ActiveCfg = SIT|Any CPU
	EndGlobalSection
	GlobalSection(SolutionProperties) = preSolution
		HideSolutionNode = FALSE
	EndGlobalSection
EndGlobal
